// !$*UTF8*$!
{
	archiveVersion = 1;
	classes = {
	};
	objectVersion = 50;
	objects = {

/* Begin PBXBuildFile section */
		8C0615DA26E027DD000CD6C9 /* ResultsModel.swift in Sources */ = {isa = PBXBuildFile; fileRef = 8CAD5449267E17DC0062099B /* ResultsModel.swift */; };
		8C0615DB26E027E6000CD6C9 /* MatchedItemStorage.swift in Sources */ = {isa = PBXBuildFile; fileRef = 8C2906C826876C2B005A43CD /* MatchedItemStorage.swift */; };
		8C0615DC26E027E6000CD6C9 /* MatchedItem+CoreDataClass.swift in Sources */ = {isa = PBXBuildFile; fileRef = 8CF1D49B269A1CA300B5A46E /* MatchedItem+CoreDataClass.swift */; };
		8C0615DD26E027E6000CD6C9 /* MatchedItem+CoreDataProperties.swift in Sources */ = {isa = PBXBuildFile; fileRef = 8CF1D49C269A1CA300B5A46E /* MatchedItem+CoreDataProperties.swift */; };
		8C0615DE26E02800000CD6C9 /* Persistence.swift in Sources */ = {isa = PBXBuildFile; fileRef = 8C2906C326875EAA005A43CD /* Persistence.swift */; };
		8C063A97267A1B610064B368 /* NeumorphicShadowModifier.swift in Sources */ = {isa = PBXBuildFile; fileRef = 8C063A96267A1B610064B368 /* NeumorphicShadowModifier.swift */; };
		8C08B57424C3133B00DC8235 /* SongLinkrApp.swift in Sources */ = {isa = PBXBuildFile; fileRef = 8C43CB0B24A6658E001B89A0 /* SongLinkrApp.swift */; };
		8C08B57524C3134300DC8235 /* ContentView.swift in Sources */ = {isa = PBXBuildFile; fileRef = 8C43CB0D24A6658E001B89A0 /* ContentView.swift */; };
		8C08B57624C3134900DC8235 /* GetLinkButton.swift in Sources */ = {isa = PBXBuildFile; fileRef = 8C51E3E024B36B0600BD8D3D /* GetLinkButton.swift */; };
		8C08B57724C3134900DC8235 /* PlatformLinkButtonView.swift in Sources */ = {isa = PBXBuildFile; fileRef = 8C51E3E624B36FE700BD8D3D /* PlatformLinkButtonView.swift */; };
		8C08B57824C3134900DC8235 /* MainTextView.swift in Sources */ = {isa = PBXBuildFile; fileRef = 8C81830F24A9408C0047193B /* MainTextView.swift */; };
		8C08B57924C3134900DC8235 /* ResultsView.swift in Sources */ = {isa = PBXBuildFile; fileRef = 8C81831124A945F30047193B /* ResultsView.swift */; };
		8C08B57A24C3134900DC8235 /* GetLinkButtonView.swift in Sources */ = {isa = PBXBuildFile; fileRef = 8CA41EBD24B25257006C8ADB /* GetLinkButtonView.swift */; };
		8C29068626873F80005A43CD /* Intents.intentdefinition in Sources */ = {isa = PBXBuildFile; fileRef = 8C29068926873F80005A43CD /* Intents.intentdefinition */; };
		8C29068726873F80005A43CD /* Intents.intentdefinition in Sources */ = {isa = PBXBuildFile; fileRef = 8C29068926873F80005A43CD /* Intents.intentdefinition */; };
		8C29069526875422005A43CD /* HistoryView.swift in Sources */ = {isa = PBXBuildFile; fileRef = 8C29069426875422005A43CD /* HistoryView.swift */; };
		8C29069926875A9D005A43CD /* HistoryViewModel.swift in Sources */ = {isa = PBXBuildFile; fileRef = 8C29069826875A9D005A43CD /* HistoryViewModel.swift */; };
		8C2906C426875EAA005A43CD /* Persistence.swift in Sources */ = {isa = PBXBuildFile; fileRef = 8C2906C326875EAA005A43CD /* Persistence.swift */; };
		8C2906C726875F57005A43CD /* Model.xcdatamodeld in Sources */ = {isa = PBXBuildFile; fileRef = 8C2906C526875F57005A43CD /* Model.xcdatamodeld */; };
		8C2906C926876C2B005A43CD /* MatchedItemStorage.swift in Sources */ = {isa = PBXBuildFile; fileRef = 8C2906C826876C2B005A43CD /* MatchedItemStorage.swift */; };
		8C2906DC268CAF99005A43CD /* HistoryViewListItem.swift in Sources */ = {isa = PBXBuildFile; fileRef = 8C2906DB268CAF99005A43CD /* HistoryViewListItem.swift */; };
		8C2D1801265C656800478F0F /* URLEntryField.swift in Sources */ = {isa = PBXBuildFile; fileRef = 8C2D1800265C656800478F0F /* URLEntryField.swift */; };
		8C34F3B926723FEF00E05629 /* Intents.framework in Frameworks */ = {isa = PBXBuildFile; fileRef = 8C34F3B826723FEF00E05629 /* Intents.framework */; };
		8C34F3BC26723FEF00E05629 /* IntentHandler.swift in Sources */ = {isa = PBXBuildFile; fileRef = 8C34F3BB26723FEF00E05629 /* IntentHandler.swift */; };
		8C34F3C026723FEF00E05629 /* Shortcuts.appex in Embed App Extensions */ = {isa = PBXBuildFile; fileRef = 8C34F3B726723FEF00E05629 /* Shortcuts.appex */; settings = {ATTRIBUTES = (RemoveHeadersOnCopy, ); }; };
		8C43C370267FB6320084CE97 /* SearchScreenView.swift in Sources */ = {isa = PBXBuildFile; fileRef = 8C43C36F267FB6320084CE97 /* SearchScreenView.swift */; };
		8C43CB1024A66593001B89A0 /* Assets.xcassets in Resources */ = {isa = PBXBuildFile; fileRef = 8C43CB0F24A66593001B89A0 /* Assets.xcassets */; };
		8C43CB1324A66593001B89A0 /* Preview Assets.xcassets in Resources */ = {isa = PBXBuildFile; fileRef = 8C43CB1224A66593001B89A0 /* Preview Assets.xcassets */; };
		8C43CB2924A66593001B89A0 /* SongLinkrUITests.swift in Sources */ = {isa = PBXBuildFile; fileRef = 8C43CB2824A66593001B89A0 /* SongLinkrUITests.swift */; };
		8C4E907A2633741B00D201C1 /* Media.xcassets in Resources */ = {isa = PBXBuildFile; fileRef = 8C4E90792633741B00D201C1 /* Media.xcassets */; };
		8C4E907C2633741B00D201C1 /* ActionViewController.swift in Sources */ = {isa = PBXBuildFile; fileRef = 8C4E907B2633741B00D201C1 /* ActionViewController.swift */; };
		8C4E907F2633741B00D201C1 /* MainInterface.storyboard in Resources */ = {isa = PBXBuildFile; fileRef = 8C4E907D2633741B00D201C1 /* MainInterface.storyboard */; };
		8C4E90832633741B00D201C1 /* SongLinkrActionWithView.appex in Embed App Extensions */ = {isa = PBXBuildFile; fileRef = 8C4E90772633741B00D201C1 /* SongLinkrActionWithView.appex */; settings = {ATTRIBUTES = (RemoveHeadersOnCopy, ); }; };
		8C55B3E824C1008300B6E6E3 /* Binding+Mock.swift in Sources */ = {isa = PBXBuildFile; fileRef = 8CC72A4724C06E2E006672AE /* Binding+Mock.swift */; };
		8C55B3EA24C1008300B6E6E3 /* StatefulPreviewWrapperView.swift in Sources */ = {isa = PBXBuildFile; fileRef = 8CC72A4924C06E50006672AE /* StatefulPreviewWrapperView.swift */; };
		8C55B3EF24C1008300B6E6E3 /* GetLinkButtonStyle.swift in Sources */ = {isa = PBXBuildFile; fileRef = 8C81830824A908070047193B /* GetLinkButtonStyle.swift */; };
		8C55B3FE24C1008300B6E6E3 /* ColorManager.swift in Sources */ = {isa = PBXBuildFile; fileRef = 8CF3CFF624B3B016004E5179 /* ColorManager.swift */; };
		8C55B3FF24C1008300B6E6E3 /* ActivityView.swift in Sources */ = {isa = PBXBuildFile; fileRef = 8CA1F3E024C0807900E6B853 /* ActivityView.swift */; };
		8C55B40224C1008300B6E6E3 /* PlatformLinkButtonStyle.swift in Sources */ = {isa = PBXBuildFile; fileRef = 8CF3CFF024B3A07C004E5179 /* PlatformLinkButtonStyle.swift */; };
		8C59A912267F69790010A451 /* ShazamButton.swift in Sources */ = {isa = PBXBuildFile; fileRef = 8C59A911267F69790010A451 /* ShazamButton.swift */; };
		8C6BE3CE24C3971D004FBDD4 /* SongLinkCreditView.swift in Sources */ = {isa = PBXBuildFile; fileRef = 8C6BE3CD24C3971D004FBDD4 /* SongLinkCreditView.swift */; };
		8C6BE3D124C3B511004FBDD4 /* MainTabView.swift in Sources */ = {isa = PBXBuildFile; fileRef = 8C6BE3D024C3B511004FBDD4 /* MainTabView.swift */; };
		8C6BE3D324C3B5FD004FBDD4 /* SettingsView.swift in Sources */ = {isa = PBXBuildFile; fileRef = 8C6BE3D224C3B5FD004FBDD4 /* SettingsView.swift */; };
		8C6BE3D524C3B9DD004FBDD4 /* UserSettings.swift in Sources */ = {isa = PBXBuildFile; fileRef = 8C6BE3D424C3B9DD004FBDD4 /* UserSettings.swift */; };
		8C6BE3D624C3B9DE004FBDD4 /* UserSettings.swift in Sources */ = {isa = PBXBuildFile; fileRef = 8C6BE3D424C3B9DD004FBDD4 /* UserSettings.swift */; };
		8C81830924A908070047193B /* GetLinkButtonStyle.swift in Sources */ = {isa = PBXBuildFile; fileRef = 8C81830824A908070047193B /* GetLinkButtonStyle.swift */; };
		8C8BD2882672B35700B75DC9 /* matchURLToPlatformHandler.swift in Sources */ = {isa = PBXBuildFile; fileRef = 8C8BD2872672B35700B75DC9 /* matchURLToPlatformHandler.swift */; };
		8CA1F3E124C0807900E6B853 /* ActivityView.swift in Sources */ = {isa = PBXBuildFile; fileRef = 8CA1F3E024C0807900E6B853 /* ActivityView.swift */; };
		8CAAE7AB26F4E12F00BBF2CD /* TranslationCreditView.swift in Sources */ = {isa = PBXBuildFile; fileRef = 8CAAE7AA26F4E12F00BBF2CD /* TranslationCreditView.swift */; };
		8CAD5444267E16B20062099B /* RequestViewModel.swift in Sources */ = {isa = PBXBuildFile; fileRef = 8CAD5443267E16B20062099B /* RequestViewModel.swift */; };
		8CAD5447267E16B50062099B /* RequestViewModel.swift in Sources */ = {isa = PBXBuildFile; fileRef = 8CAD5443267E16B20062099B /* RequestViewModel.swift */; };
		8CAD544A267E17DC0062099B /* ResultsModel.swift in Sources */ = {isa = PBXBuildFile; fileRef = 8CAD5449267E17DC0062099B /* ResultsModel.swift */; };
		8CBD49DE2672CA2600CB69DB /* SongLinkrNetworkCore.framework in Frameworks */ = {isa = PBXBuildFile; fileRef = 8CE207E82670206600DAD0F9 /* SongLinkrNetworkCore.framework */; };
		8CBD4EAD2A33BE5E0001BDA2 /* InfoPlist.xcstrings in Resources */ = {isa = PBXBuildFile; fileRef = 8CBD4EAA2A33BE5E0001BDA2 /* InfoPlist.xcstrings */; };
		8CBD4EAF2A33BE5F0001BDA2 /* Localizable.xcstrings in Resources */ = {isa = PBXBuildFile; fileRef = 8CBD4EAE2A33BE5F0001BDA2 /* Localizable.xcstrings */; };
		8CBD4EB12A33E7B60001BDA2 /* InfoPlist.xcstrings in Resources */ = {isa = PBXBuildFile; fileRef = 8CBD4EB02A33E7B60001BDA2 /* InfoPlist.xcstrings */; };
		8CC0527B26A1BA21007200FE /* SupportedPlatformsList.swift in Sources */ = {isa = PBXBuildFile; fileRef = 8CC0527A26A1BA21007200FE /* SupportedPlatformsList.swift */; };
		8CC091F6267029A600ED7BED /* SongLinkrNetworkCore.framework in Frameworks */ = {isa = PBXBuildFile; fileRef = 8CE207E82670206600DAD0F9 /* SongLinkrNetworkCore.framework */; };
		8CC091F7267029A600ED7BED /* SongLinkrNetworkCore.framework in Embed Frameworks */ = {isa = PBXBuildFile; fileRef = 8CE207E82670206600DAD0F9 /* SongLinkrNetworkCore.framework */; settings = {ATTRIBUTES = (CodeSignOnCopy, RemoveHeadersOnCopy, ); }; };
		8CC72A4824C06E2E006672AE /* Binding+Mock.swift in Sources */ = {isa = PBXBuildFile; fileRef = 8CC72A4724C06E2E006672AE /* Binding+Mock.swift */; };
		8CC72A4A24C06E50006672AE /* StatefulPreviewWrapperView.swift in Sources */ = {isa = PBXBuildFile; fileRef = 8CC72A4924C06E50006672AE /* StatefulPreviewWrapperView.swift */; };
		8CDD45922678F10D0074B5D3 /* MediaDetailView.swift in Sources */ = {isa = PBXBuildFile; fileRef = 8CDD45912678F10D0074B5D3 /* MediaDetailView.swift */; };
		8CF1D49F269A1CA800B5A46E /* MatchedItem+CoreDataClass.swift in Sources */ = {isa = PBXBuildFile; fileRef = 8CF1D49B269A1CA300B5A46E /* MatchedItem+CoreDataClass.swift */; };
		8CF1D4A0269A1CA800B5A46E /* MatchedItem+CoreDataProperties.swift in Sources */ = {isa = PBXBuildFile; fileRef = 8CF1D49C269A1CA300B5A46E /* MatchedItem+CoreDataProperties.swift */; };
		8CF3CFF124B3A07C004E5179 /* PlatformLinkButtonStyle.swift in Sources */ = {isa = PBXBuildFile; fileRef = 8CF3CFF024B3A07C004E5179 /* PlatformLinkButtonStyle.swift */; };
		8CF3CFF724B3B016004E5179 /* ColorManager.swift in Sources */ = {isa = PBXBuildFile; fileRef = 8CF3CFF624B3B016004E5179 /* ColorManager.swift */; };
/* End PBXBuildFile section */

/* Begin PBXContainerItemProxy section */
		8C34F3BE26723FEF00E05629 /* PBXContainerItemProxy */ = {
			isa = PBXContainerItemProxy;
			containerPortal = 8C43CB0024A6658E001B89A0 /* Project object */;
			proxyType = 1;
			remoteGlobalIDString = 8C34F3B626723FEF00E05629;
			remoteInfo = Shortcuts;
		};
		8C43CB1A24A66593001B89A0 /* PBXContainerItemProxy */ = {
			isa = PBXContainerItemProxy;
			containerPortal = 8C43CB0024A6658E001B89A0 /* Project object */;
			proxyType = 1;
			remoteGlobalIDString = 8C43CB0724A6658E001B89A0;
			remoteInfo = SongLinkr;
		};
		8C43CB2524A66593001B89A0 /* PBXContainerItemProxy */ = {
			isa = PBXContainerItemProxy;
			containerPortal = 8C43CB0024A6658E001B89A0 /* Project object */;
			proxyType = 1;
			remoteGlobalIDString = 8C43CB0724A6658E001B89A0;
			remoteInfo = SongLinkr;
		};
		8C4E90812633741B00D201C1 /* PBXContainerItemProxy */ = {
			isa = PBXContainerItemProxy;
			containerPortal = 8C43CB0024A6658E001B89A0 /* Project object */;
			proxyType = 1;
			remoteGlobalIDString = 8C4E90762633741B00D201C1;
			remoteInfo = SongLinkrActionWithView;
		};
		8CE207E72670206600DAD0F9 /* PBXContainerItemProxy */ = {
			isa = PBXContainerItemProxy;
			containerPortal = 8CE207E22670206600DAD0F9 /* SongLinkrNetworkCore.xcodeproj */;
			proxyType = 2;
			remoteGlobalIDString = 8C6E7F0C26701F6B00B0D05D;
			remoteInfo = SongLinkrNetworkCore;
		};
		8CE207E92670206600DAD0F9 /* PBXContainerItemProxy */ = {
			isa = PBXContainerItemProxy;
			containerPortal = 8CE207E22670206600DAD0F9 /* SongLinkrNetworkCore.xcodeproj */;
			proxyType = 2;
			remoteGlobalIDString = 8C6E7F1526701F6B00B0D05D;
			remoteInfo = SongLinkrNetworkCoreTests;
		};
/* End PBXContainerItemProxy section */

/* Begin PBXCopyFilesBuildPhase section */
		8CC091F8267029A600ED7BED /* Embed Frameworks */ = {
			isa = PBXCopyFilesBuildPhase;
			buildActionMask = 2147483647;
			dstPath = "";
			dstSubfolderSpec = 10;
			files = (
				8CC091F7267029A600ED7BED /* SongLinkrNetworkCore.framework in Embed Frameworks */,
			);
			name = "Embed Frameworks";
			runOnlyForDeploymentPostprocessing = 0;
		};
		8CFF204724C21CC900112F67 /* Embed App Extensions */ = {
			isa = PBXCopyFilesBuildPhase;
			buildActionMask = 2147483647;
			dstPath = "";
			dstSubfolderSpec = 13;
			files = (
				8C34F3C026723FEF00E05629 /* Shortcuts.appex in Embed App Extensions */,
				8C4E90832633741B00D201C1 /* SongLinkrActionWithView.appex in Embed App Extensions */,
			);
			name = "Embed App Extensions";
			runOnlyForDeploymentPostprocessing = 0;
		};
/* End PBXCopyFilesBuildPhase section */

/* Begin PBXFileReference section */
		8C063A96267A1B610064B368 /* NeumorphicShadowModifier.swift */ = {isa = PBXFileReference; lastKnownFileType = sourcecode.swift; path = NeumorphicShadowModifier.swift; sourceTree = "<group>"; };
		8C29068826873F80005A43CD /* Base */ = {isa = PBXFileReference; lastKnownFileType = file.intentdefinition; name = Base; path = Base.lproj/Intents.intentdefinition; sourceTree = "<group>"; };
		8C29068D26873F84005A43CD /* de */ = {isa = PBXFileReference; lastKnownFileType = text.plist.strings; name = de; path = de.lproj/Intents.strings; sourceTree = "<group>"; };
		8C29068F26873F84005A43CD /* es */ = {isa = PBXFileReference; lastKnownFileType = text.plist.strings; name = es; path = es.lproj/Intents.strings; sourceTree = "<group>"; };
		8C29069126873F95005A43CD /* en */ = {isa = PBXFileReference; lastKnownFileType = text.plist.strings; name = en; path = en.lproj/Intents.strings; sourceTree = "<group>"; };
		8C29069426875422005A43CD /* HistoryView.swift */ = {isa = PBXFileReference; lastKnownFileType = sourcecode.swift; path = HistoryView.swift; sourceTree = "<group>"; };
		8C29069826875A9D005A43CD /* HistoryViewModel.swift */ = {isa = PBXFileReference; lastKnownFileType = sourcecode.swift; path = HistoryViewModel.swift; sourceTree = "<group>"; };
		8C2906C326875EAA005A43CD /* Persistence.swift */ = {isa = PBXFileReference; lastKnownFileType = sourcecode.swift; path = Persistence.swift; sourceTree = "<group>"; };
		8C2906C626875F57005A43CD /* Model.xcdatamodel */ = {isa = PBXFileReference; lastKnownFileType = wrapper.xcdatamodel; path = Model.xcdatamodel; sourceTree = "<group>"; };
		8C2906C826876C2B005A43CD /* MatchedItemStorage.swift */ = {isa = PBXFileReference; lastKnownFileType = sourcecode.swift; path = MatchedItemStorage.swift; sourceTree = "<group>"; };
		8C2906DB268CAF99005A43CD /* HistoryViewListItem.swift */ = {isa = PBXFileReference; lastKnownFileType = sourcecode.swift; path = HistoryViewListItem.swift; sourceTree = "<group>"; };
		8C2D1800265C656800478F0F /* URLEntryField.swift */ = {isa = PBXFileReference; lastKnownFileType = sourcecode.swift; path = URLEntryField.swift; sourceTree = "<group>"; };
		8C34F3B726723FEF00E05629 /* Shortcuts.appex */ = {isa = PBXFileReference; explicitFileType = "wrapper.app-extension"; includeInIndex = 0; path = Shortcuts.appex; sourceTree = BUILT_PRODUCTS_DIR; };
		8C34F3B826723FEF00E05629 /* Intents.framework */ = {isa = PBXFileReference; lastKnownFileType = wrapper.framework; name = Intents.framework; path = System/Library/Frameworks/Intents.framework; sourceTree = SDKROOT; };
		8C34F3BB26723FEF00E05629 /* IntentHandler.swift */ = {isa = PBXFileReference; lastKnownFileType = sourcecode.swift; path = IntentHandler.swift; sourceTree = "<group>"; };
		8C34F3BD26723FEF00E05629 /* Info.plist */ = {isa = PBXFileReference; lastKnownFileType = text.plist.xml; path = Info.plist; sourceTree = "<group>"; };
		8C43C36F267FB6320084CE97 /* SearchScreenView.swift */ = {isa = PBXFileReference; lastKnownFileType = sourcecode.swift; path = SearchScreenView.swift; sourceTree = "<group>"; };
		8C43CB0824A6658E001B89A0 /* SongLinkr.app */ = {isa = PBXFileReference; explicitFileType = wrapper.application; includeInIndex = 0; path = SongLinkr.app; sourceTree = BUILT_PRODUCTS_DIR; };
		8C43CB0B24A6658E001B89A0 /* SongLinkrApp.swift */ = {isa = PBXFileReference; lastKnownFileType = sourcecode.swift; path = SongLinkrApp.swift; sourceTree = "<group>"; };
		8C43CB0D24A6658E001B89A0 /* ContentView.swift */ = {isa = PBXFileReference; lastKnownFileType = sourcecode.swift; path = ContentView.swift; sourceTree = "<group>"; };
		8C43CB0F24A66593001B89A0 /* Assets.xcassets */ = {isa = PBXFileReference; lastKnownFileType = folder.assetcatalog; path = Assets.xcassets; sourceTree = "<group>"; };
		8C43CB1224A66593001B89A0 /* Preview Assets.xcassets */ = {isa = PBXFileReference; lastKnownFileType = folder.assetcatalog; path = "Preview Assets.xcassets"; sourceTree = "<group>"; };
		8C43CB1424A66593001B89A0 /* Info.plist */ = {isa = PBXFileReference; lastKnownFileType = text.plist.xml; path = Info.plist; sourceTree = "<group>"; };
		8C43CB1924A66593001B89A0 /* SongLinkrTests.xctest */ = {isa = PBXFileReference; explicitFileType = wrapper.cfbundle; includeInIndex = 0; path = SongLinkrTests.xctest; sourceTree = BUILT_PRODUCTS_DIR; };
		8C43CB1F24A66593001B89A0 /* Info.plist */ = {isa = PBXFileReference; lastKnownFileType = text.plist.xml; path = Info.plist; sourceTree = "<group>"; };
		8C43CB2424A66593001B89A0 /* SongLinkrUITests.xctest */ = {isa = PBXFileReference; explicitFileType = wrapper.cfbundle; includeInIndex = 0; path = SongLinkrUITests.xctest; sourceTree = BUILT_PRODUCTS_DIR; };
		8C43CB2824A66593001B89A0 /* SongLinkrUITests.swift */ = {isa = PBXFileReference; lastKnownFileType = sourcecode.swift; path = SongLinkrUITests.swift; sourceTree = "<group>"; };
		8C43CB2A24A66593001B89A0 /* Info.plist */ = {isa = PBXFileReference; lastKnownFileType = text.plist.xml; path = Info.plist; sourceTree = "<group>"; };
		8C4E90772633741B00D201C1 /* SongLinkrActionWithView.appex */ = {isa = PBXFileReference; explicitFileType = "wrapper.app-extension"; includeInIndex = 0; path = SongLinkrActionWithView.appex; sourceTree = BUILT_PRODUCTS_DIR; };
		8C4E90792633741B00D201C1 /* Media.xcassets */ = {isa = PBXFileReference; lastKnownFileType = folder.assetcatalog; path = Media.xcassets; sourceTree = "<group>"; };
		8C4E907B2633741B00D201C1 /* ActionViewController.swift */ = {isa = PBXFileReference; lastKnownFileType = sourcecode.swift; path = ActionViewController.swift; sourceTree = "<group>"; };
		8C4E907E2633741B00D201C1 /* Base */ = {isa = PBXFileReference; lastKnownFileType = file.storyboard; name = Base; path = Base.lproj/MainInterface.storyboard; sourceTree = "<group>"; };
		8C4E90802633741B00D201C1 /* Info.plist */ = {isa = PBXFileReference; lastKnownFileType = text.plist.xml; path = Info.plist; sourceTree = "<group>"; };
		8C51E3E024B36B0600BD8D3D /* GetLinkButton.swift */ = {isa = PBXFileReference; lastKnownFileType = sourcecode.swift; path = GetLinkButton.swift; sourceTree = "<group>"; };
		8C51E3E624B36FE700BD8D3D /* PlatformLinkButtonView.swift */ = {isa = PBXFileReference; lastKnownFileType = sourcecode.swift; path = PlatformLinkButtonView.swift; sourceTree = "<group>"; };
		8C59A911267F69790010A451 /* ShazamButton.swift */ = {isa = PBXFileReference; lastKnownFileType = sourcecode.swift; path = ShazamButton.swift; sourceTree = "<group>"; };
		8C6BE3CD24C3971D004FBDD4 /* SongLinkCreditView.swift */ = {isa = PBXFileReference; lastKnownFileType = sourcecode.swift; path = SongLinkCreditView.swift; sourceTree = "<group>"; };
		8C6BE3D024C3B511004FBDD4 /* MainTabView.swift */ = {isa = PBXFileReference; lastKnownFileType = sourcecode.swift; path = MainTabView.swift; sourceTree = "<group>"; };
		8C6BE3D224C3B5FD004FBDD4 /* SettingsView.swift */ = {isa = PBXFileReference; lastKnownFileType = sourcecode.swift; path = SettingsView.swift; sourceTree = "<group>"; };
		8C6BE3D424C3B9DD004FBDD4 /* UserSettings.swift */ = {isa = PBXFileReference; lastKnownFileType = sourcecode.swift; path = UserSettings.swift; sourceTree = "<group>"; };
		8C81830824A908070047193B /* GetLinkButtonStyle.swift */ = {isa = PBXFileReference; lastKnownFileType = sourcecode.swift; path = GetLinkButtonStyle.swift; sourceTree = "<group>"; };
		8C81830F24A9408C0047193B /* MainTextView.swift */ = {isa = PBXFileReference; lastKnownFileType = sourcecode.swift; path = MainTextView.swift; sourceTree = "<group>"; };
		8C81831124A945F30047193B /* ResultsView.swift */ = {isa = PBXFileReference; lastKnownFileType = sourcecode.swift; path = ResultsView.swift; sourceTree = "<group>"; };
		8C8BD2872672B35700B75DC9 /* matchURLToPlatformHandler.swift */ = {isa = PBXFileReference; lastKnownFileType = sourcecode.swift; path = matchURLToPlatformHandler.swift; sourceTree = "<group>"; };
		8CA1F3E024C0807900E6B853 /* ActivityView.swift */ = {isa = PBXFileReference; lastKnownFileType = sourcecode.swift; path = ActivityView.swift; sourceTree = "<group>"; };
		8CA41EBD24B25257006C8ADB /* GetLinkButtonView.swift */ = {isa = PBXFileReference; lastKnownFileType = sourcecode.swift; path = GetLinkButtonView.swift; sourceTree = "<group>"; };
		8CAAE7AA26F4E12F00BBF2CD /* TranslationCreditView.swift */ = {isa = PBXFileReference; lastKnownFileType = sourcecode.swift; path = TranslationCreditView.swift; sourceTree = "<group>"; };
		8CAD5443267E16B20062099B /* RequestViewModel.swift */ = {isa = PBXFileReference; lastKnownFileType = sourcecode.swift; path = RequestViewModel.swift; sourceTree = "<group>"; };
		8CAD5449267E17DC0062099B /* ResultsModel.swift */ = {isa = PBXFileReference; lastKnownFileType = sourcecode.swift; path = ResultsModel.swift; sourceTree = "<group>"; };
		8CBD4EAA2A33BE5E0001BDA2 /* InfoPlist.xcstrings */ = {isa = PBXFileReference; lastKnownFileType = text.json.xcstrings; path = InfoPlist.xcstrings; sourceTree = "<group>"; };
		8CBD4EAE2A33BE5F0001BDA2 /* Localizable.xcstrings */ = {isa = PBXFileReference; lastKnownFileType = text.json.xcstrings; path = Localizable.xcstrings; sourceTree = "<group>"; };
		8CBD4EB02A33E7B60001BDA2 /* InfoPlist.xcstrings */ = {isa = PBXFileReference; lastKnownFileType = text.json.xcstrings; path = InfoPlist.xcstrings; sourceTree = "<group>"; };
		8CC0527A26A1BA21007200FE /* SupportedPlatformsList.swift */ = {isa = PBXFileReference; lastKnownFileType = sourcecode.swift; path = SupportedPlatformsList.swift; sourceTree = "<group>"; };
		8CC72A4724C06E2E006672AE /* Binding+Mock.swift */ = {isa = PBXFileReference; fileEncoding = 4; lastKnownFileType = sourcecode.swift; path = "Binding+Mock.swift"; sourceTree = "<group>"; };
		8CC72A4924C06E50006672AE /* StatefulPreviewWrapperView.swift */ = {isa = PBXFileReference; lastKnownFileType = sourcecode.swift; path = StatefulPreviewWrapperView.swift; sourceTree = "<group>"; };
		8CDD45912678F10D0074B5D3 /* MediaDetailView.swift */ = {isa = PBXFileReference; lastKnownFileType = sourcecode.swift; path = MediaDetailView.swift; sourceTree = "<group>"; };
		8CE207E22670206600DAD0F9 /* SongLinkrNetworkCore.xcodeproj */ = {isa = PBXFileReference; lastKnownFileType = "wrapper.pb-project"; name = SongLinkrNetworkCore.xcodeproj; path = Frameworks/SongLinkrNetworkCore/SongLinkrNetworkCore.xcodeproj; sourceTree = "<group>"; };
		8CECA421283812740073A8B4 /* ja */ = {isa = PBXFileReference; lastKnownFileType = text.plist.strings; name = ja; path = ja.lproj/Intents.strings; sourceTree = "<group>"; };
		8CF1D49B269A1CA300B5A46E /* MatchedItem+CoreDataClass.swift */ = {isa = PBXFileReference; lastKnownFileType = sourcecode.swift; path = "MatchedItem+CoreDataClass.swift"; sourceTree = "<group>"; };
		8CF1D49C269A1CA300B5A46E /* MatchedItem+CoreDataProperties.swift */ = {isa = PBXFileReference; lastKnownFileType = sourcecode.swift; path = "MatchedItem+CoreDataProperties.swift"; sourceTree = "<group>"; };
		8CF3CFF024B3A07C004E5179 /* PlatformLinkButtonStyle.swift */ = {isa = PBXFileReference; lastKnownFileType = sourcecode.swift; path = PlatformLinkButtonStyle.swift; sourceTree = "<group>"; };
		8CF3CFF624B3B016004E5179 /* ColorManager.swift */ = {isa = PBXFileReference; lastKnownFileType = sourcecode.swift; path = ColorManager.swift; sourceTree = "<group>"; };
/* End PBXFileReference section */

/* Begin PBXFrameworksBuildPhase section */
		8C34F3B426723FEF00E05629 /* Frameworks */ = {
			isa = PBXFrameworksBuildPhase;
			buildActionMask = 2147483647;
			files = (
				8CBD49DE2672CA2600CB69DB /* SongLinkrNetworkCore.framework in Frameworks */,
				8C34F3B926723FEF00E05629 /* Intents.framework in Frameworks */,
			);
			runOnlyForDeploymentPostprocessing = 0;
		};
		8C43CB0524A6658E001B89A0 /* Frameworks */ = {
			isa = PBXFrameworksBuildPhase;
			buildActionMask = 2147483647;
			files = (
				8CC091F6267029A600ED7BED /* SongLinkrNetworkCore.framework in Frameworks */,
			);
			runOnlyForDeploymentPostprocessing = 0;
		};
		8C43CB1624A66593001B89A0 /* Frameworks */ = {
			isa = PBXFrameworksBuildPhase;
			buildActionMask = 2147483647;
			files = (
			);
			runOnlyForDeploymentPostprocessing = 0;
		};
		8C43CB2124A66593001B89A0 /* Frameworks */ = {
			isa = PBXFrameworksBuildPhase;
			buildActionMask = 2147483647;
			files = (
			);
			runOnlyForDeploymentPostprocessing = 0;
		};
		8C4E90742633741B00D201C1 /* Frameworks */ = {
			isa = PBXFrameworksBuildPhase;
			buildActionMask = 2147483647;
			files = (
			);
			runOnlyForDeploymentPostprocessing = 0;
		};
/* End PBXFrameworksBuildPhase section */

/* Begin PBXGroup section */
		8C34F3BA26723FEF00E05629 /* Shortcuts */ = {
			isa = PBXGroup;
			children = (
				8C34F3BB26723FEF00E05629 /* IntentHandler.swift */,
				8C29068926873F80005A43CD /* Intents.intentdefinition */,
				8C8BD28C2672B68C00B75DC9 /* Shortcut Handlers */,
				8C34F3BD26723FEF00E05629 /* Info.plist */,
			);
			path = Shortcuts;
			sourceTree = "<group>";
		};
		8C43CAFF24A6658E001B89A0 = {
			isa = PBXGroup;
			children = (
				8CE207E22670206600DAD0F9 /* SongLinkrNetworkCore.xcodeproj */,
				8C43CB0A24A6658E001B89A0 /* SongLinkr */,
				8C43CB1C24A66593001B89A0 /* SongLinkrTests */,
				8C43CB2724A66593001B89A0 /* SongLinkrUITests */,
				8C4E90782633741B00D201C1 /* SongLinkrActionWithView */,
				8C34F3BA26723FEF00E05629 /* Shortcuts */,
				8C43CB0924A6658E001B89A0 /* Products */,
				8CE20824267027A400DAD0F9 /* Frameworks */,
			);
			sourceTree = "<group>";
		};
		8C43CB0924A6658E001B89A0 /* Products */ = {
			isa = PBXGroup;
			children = (
				8C43CB0824A6658E001B89A0 /* SongLinkr.app */,
				8C43CB1924A66593001B89A0 /* SongLinkrTests.xctest */,
				8C43CB2424A66593001B89A0 /* SongLinkrUITests.xctest */,
				8C4E90772633741B00D201C1 /* SongLinkrActionWithView.appex */,
				8C34F3B726723FEF00E05629 /* Shortcuts.appex */,
			);
			name = Products;
			sourceTree = "<group>";
		};
		8C43CB0A24A6658E001B89A0 /* SongLinkr */ = {
			isa = PBXGroup;
			children = (
				8C43CB0B24A6658E001B89A0 /* SongLinkrApp.swift */,
				8C81830724A907DB0047193B /* Views */,
				8C81831324A94CD60047193B /* Supporting Views */,
				8C81830A24A911760047193B /* Resources */,
				8CAD5448267E16B80062099B /* View Models */,
				8C43CB3624A665FD001B89A0 /* Models */,
				8C53433B24C06DD1007BDB89 /* Development Resources */,
				8C43CB0F24A66593001B89A0 /* Assets.xcassets */,
				8C43CB1424A66593001B89A0 /* Info.plist */,
				8CBD4EAE2A33BE5F0001BDA2 /* Localizable.xcstrings */,
				8CBD4EAA2A33BE5E0001BDA2 /* InfoPlist.xcstrings */,
				8C43CB1124A66593001B89A0 /* Preview Content */,
			);
			path = SongLinkr;
			sourceTree = "<group>";
		};
		8C43CB1124A66593001B89A0 /* Preview Content */ = {
			isa = PBXGroup;
			children = (
				8C43CB1224A66593001B89A0 /* Preview Assets.xcassets */,
			);
			path = "Preview Content";
			sourceTree = "<group>";
		};
		8C43CB1C24A66593001B89A0 /* SongLinkrTests */ = {
			isa = PBXGroup;
			children = (
				8C43CB1F24A66593001B89A0 /* Info.plist */,
			);
			path = SongLinkrTests;
			sourceTree = "<group>";
		};
		8C43CB2724A66593001B89A0 /* SongLinkrUITests */ = {
			isa = PBXGroup;
			children = (
				8C43CB2824A66593001B89A0 /* SongLinkrUITests.swift */,
				8C43CB2A24A66593001B89A0 /* Info.plist */,
			);
			path = SongLinkrUITests;
			sourceTree = "<group>";
		};
		8C43CB3624A665FD001B89A0 /* Models */ = {
			isa = PBXGroup;
			children = (
				8CF1D49B269A1CA300B5A46E /* MatchedItem+CoreDataClass.swift */,
				8CF1D49C269A1CA300B5A46E /* MatchedItem+CoreDataProperties.swift */,
				8CAD5449267E17DC0062099B /* ResultsModel.swift */,
				8C2906C326875EAA005A43CD /* Persistence.swift */,
				8C2906C826876C2B005A43CD /* MatchedItemStorage.swift */,
				8C2906C526875F57005A43CD /* Model.xcdatamodeld */,
			);
			path = Models;
			sourceTree = "<group>";
		};
		8C4E90782633741B00D201C1 /* SongLinkrActionWithView */ = {
			isa = PBXGroup;
			children = (
				8C4E90792633741B00D201C1 /* Media.xcassets */,
				8C4E907B2633741B00D201C1 /* ActionViewController.swift */,
				8C4E907D2633741B00D201C1 /* MainInterface.storyboard */,
				8C4E90802633741B00D201C1 /* Info.plist */,
				8CBD4EB02A33E7B60001BDA2 /* InfoPlist.xcstrings */,
			);
			path = SongLinkrActionWithView;
			sourceTree = "<group>";
		};
		8C53433B24C06DD1007BDB89 /* Development Resources */ = {
			isa = PBXGroup;
			children = (
				8CC72A4724C06E2E006672AE /* Binding+Mock.swift */,
				8CC72A4924C06E50006672AE /* StatefulPreviewWrapperView.swift */,
			);
			path = "Development Resources";
			sourceTree = "<group>";
		};
		8C81830724A907DB0047193B /* Views */ = {
			isa = PBXGroup;
			children = (
				8C6BE3D024C3B511004FBDD4 /* MainTabView.swift */,
				8C43CB0D24A6658E001B89A0 /* ContentView.swift */,
				8C29069426875422005A43CD /* HistoryView.swift */,
				8C6BE3D224C3B5FD004FBDD4 /* SettingsView.swift */,
			);
			path = Views;
			sourceTree = "<group>";
		};
		8C81830A24A911760047193B /* Resources */ = {
			isa = PBXGroup;
			children = (
				8C81830824A908070047193B /* GetLinkButtonStyle.swift */,
				8C063A96267A1B610064B368 /* NeumorphicShadowModifier.swift */,
				8CF3CFF024B3A07C004E5179 /* PlatformLinkButtonStyle.swift */,
				8CF3CFF624B3B016004E5179 /* ColorManager.swift */,
				8CA1F3E024C0807900E6B853 /* ActivityView.swift */,
			);
			path = Resources;
			sourceTree = "<group>";
		};
		8C81831324A94CD60047193B /* Supporting Views */ = {
			isa = PBXGroup;
			children = (
				8C81830F24A9408C0047193B /* MainTextView.swift */,
				8CC0527A26A1BA21007200FE /* SupportedPlatformsList.swift */,
				8CAAE7AA26F4E12F00BBF2CD /* TranslationCreditView.swift */,
				8C2906DB268CAF99005A43CD /* HistoryViewListItem.swift */,
				8C43C36F267FB6320084CE97 /* SearchScreenView.swift */,
				8C59A911267F69790010A451 /* ShazamButton.swift */,
				8C81831124A945F30047193B /* ResultsView.swift */,
				8CDD45912678F10D0074B5D3 /* MediaDetailView.swift */,
				8C6BE3CD24C3971D004FBDD4 /* SongLinkCreditView.swift */,
				8CA41EBD24B25257006C8ADB /* GetLinkButtonView.swift */,
				8C51E3E024B36B0600BD8D3D /* GetLinkButton.swift */,
				8C51E3E624B36FE700BD8D3D /* PlatformLinkButtonView.swift */,
				8C2D1800265C656800478F0F /* URLEntryField.swift */,
			);
			path = "Supporting Views";
			sourceTree = "<group>";
		};
		8C8BD28C2672B68C00B75DC9 /* Shortcut Handlers */ = {
			isa = PBXGroup;
			children = (
				8C8BD2872672B35700B75DC9 /* matchURLToPlatformHandler.swift */,
			);
			path = "Shortcut Handlers";
			sourceTree = "<group>";
		};
		8CAD5448267E16B80062099B /* View Models */ = {
			isa = PBXGroup;
			children = (
				8C6BE3D424C3B9DD004FBDD4 /* UserSettings.swift */,
				8CAD5443267E16B20062099B /* RequestViewModel.swift */,
				8C29069826875A9D005A43CD /* HistoryViewModel.swift */,
			);
			path = "View Models";
			sourceTree = "<group>";
		};
		8CE207E32670206600DAD0F9 /* Products */ = {
			isa = PBXGroup;
			children = (
				8CE207E82670206600DAD0F9 /* SongLinkrNetworkCore.framework */,
				8CE207EA2670206600DAD0F9 /* SongLinkrNetworkCoreTests.xctest */,
			);
			name = Products;
			sourceTree = "<group>";
		};
		8CE20824267027A400DAD0F9 /* Frameworks */ = {
			isa = PBXGroup;
			children = (
				8C34F3B826723FEF00E05629 /* Intents.framework */,
			);
			name = Frameworks;
			sourceTree = "<group>";
		};
/* End PBXGroup section */

/* Begin PBXNativeTarget section */
		8C34F3B626723FEF00E05629 /* Shortcuts */ = {
			isa = PBXNativeTarget;
			buildConfigurationList = 8C34F3C526723FEF00E05629 /* Build configuration list for PBXNativeTarget "Shortcuts" */;
			buildPhases = (
				8C34F3B326723FEF00E05629 /* Sources */,
				8C34F3B426723FEF00E05629 /* Frameworks */,
				8C34F3B526723FEF00E05629 /* Resources */,
			);
			buildRules = (
			);
			dependencies = (
			);
			name = Shortcuts;
			productName = Shortcuts;
			productReference = 8C34F3B726723FEF00E05629 /* Shortcuts.appex */;
			productType = "com.apple.product-type.app-extension";
		};
		8C43CB0724A6658E001B89A0 /* SongLinkr */ = {
			isa = PBXNativeTarget;
			buildConfigurationList = 8C43CB2D24A66593001B89A0 /* Build configuration list for PBXNativeTarget "SongLinkr" */;
			buildPhases = (
				8C43CB0424A6658E001B89A0 /* Sources */,
				8C43CB0524A6658E001B89A0 /* Frameworks */,
				8C43CB0624A6658E001B89A0 /* Resources */,
				8CFF204724C21CC900112F67 /* Embed App Extensions */,
				8CC091F8267029A600ED7BED /* Embed Frameworks */,
			);
			buildRules = (
			);
			dependencies = (
				8C4E90822633741B00D201C1 /* PBXTargetDependency */,
				8C34F3BF26723FEF00E05629 /* PBXTargetDependency */,
			);
			name = SongLinkr;
			productName = SongLinkr;
			productReference = 8C43CB0824A6658E001B89A0 /* SongLinkr.app */;
			productType = "com.apple.product-type.application";
		};
		8C43CB1824A66593001B89A0 /* SongLinkrTests */ = {
			isa = PBXNativeTarget;
			buildConfigurationList = 8C43CB3024A66593001B89A0 /* Build configuration list for PBXNativeTarget "SongLinkrTests" */;
			buildPhases = (
				8C43CB1524A66593001B89A0 /* Sources */,
				8C43CB1624A66593001B89A0 /* Frameworks */,
				8C43CB1724A66593001B89A0 /* Resources */,
			);
			buildRules = (
			);
			dependencies = (
				8C43CB1B24A66593001B89A0 /* PBXTargetDependency */,
			);
			name = SongLinkrTests;
			productName = SongLinkrTests;
			productReference = 8C43CB1924A66593001B89A0 /* SongLinkrTests.xctest */;
			productType = "com.apple.product-type.bundle.unit-test";
		};
		8C43CB2324A66593001B89A0 /* SongLinkrUITests */ = {
			isa = PBXNativeTarget;
			buildConfigurationList = 8C43CB3324A66593001B89A0 /* Build configuration list for PBXNativeTarget "SongLinkrUITests" */;
			buildPhases = (
				8C43CB2024A66593001B89A0 /* Sources */,
				8C43CB2124A66593001B89A0 /* Frameworks */,
				8C43CB2224A66593001B89A0 /* Resources */,
			);
			buildRules = (
			);
			dependencies = (
				8C43CB2624A66593001B89A0 /* PBXTargetDependency */,
			);
			name = SongLinkrUITests;
			productName = SongLinkrUITests;
			productReference = 8C43CB2424A66593001B89A0 /* SongLinkrUITests.xctest */;
			productType = "com.apple.product-type.bundle.ui-testing";
		};
		8C4E90762633741B00D201C1 /* SongLinkrActionWithView */ = {
			isa = PBXNativeTarget;
			buildConfigurationList = 8C4E90842633741B00D201C1 /* Build configuration list for PBXNativeTarget "SongLinkrActionWithView" */;
			buildPhases = (
				8C4E90732633741B00D201C1 /* Sources */,
				8C4E90742633741B00D201C1 /* Frameworks */,
				8C4E90752633741B00D201C1 /* Resources */,
			);
			buildRules = (
			);
			dependencies = (
			);
			name = SongLinkrActionWithView;
			productName = SongLinkrActionWithView;
			productReference = 8C4E90772633741B00D201C1 /* SongLinkrActionWithView.appex */;
			productType = "com.apple.product-type.app-extension";
		};
/* End PBXNativeTarget section */

/* Begin PBXProject section */
		8C43CB0024A6658E001B89A0 /* Project object */ = {
			isa = PBXProject;
			attributes = {
				LastSwiftUpdateCheck = 1250;
				LastUpgradeCheck = 1200;
				TargetAttributes = {
					8C34F3B626723FEF00E05629 = {
						CreatedOnToolsVersion = 12.5;
					};
					8C43CB0724A6658E001B89A0 = {
						CreatedOnToolsVersion = 12.0;
					};
					8C43CB1824A66593001B89A0 = {
						CreatedOnToolsVersion = 12.0;
						TestTargetID = 8C43CB0724A6658E001B89A0;
					};
					8C43CB2324A66593001B89A0 = {
						CreatedOnToolsVersion = 12.0;
						TestTargetID = 8C43CB0724A6658E001B89A0;
					};
					8C4E90762633741B00D201C1 = {
						CreatedOnToolsVersion = 12.4;
					};
				};
			};
			buildConfigurationList = 8C43CB0324A6658E001B89A0 /* Build configuration list for PBXProject "SongLinkr" */;
			compatibilityVersion = "Xcode 9.3";
			developmentRegion = en;
			hasScannedForEncodings = 0;
			knownRegions = (
				en,
				Base,
				de,
				es,
				ja,
			);
			mainGroup = 8C43CAFF24A6658E001B89A0;
			productRefGroup = 8C43CB0924A6658E001B89A0 /* Products */;
			projectDirPath = "";
			projectReferences = (
				{
					ProductGroup = 8CE207E32670206600DAD0F9 /* Products */;
					ProjectRef = 8CE207E22670206600DAD0F9 /* SongLinkrNetworkCore.xcodeproj */;
				},
			);
			projectRoot = "";
			targets = (
				8C43CB0724A6658E001B89A0 /* SongLinkr */,
				8C43CB1824A66593001B89A0 /* SongLinkrTests */,
				8C43CB2324A66593001B89A0 /* SongLinkrUITests */,
				8C4E90762633741B00D201C1 /* SongLinkrActionWithView */,
				8C34F3B626723FEF00E05629 /* Shortcuts */,
			);
		};
/* End PBXProject section */

/* Begin PBXReferenceProxy section */
		8CE207E82670206600DAD0F9 /* SongLinkrNetworkCore.framework */ = {
			isa = PBXReferenceProxy;
			fileType = wrapper.framework;
			path = SongLinkrNetworkCore.framework;
			remoteRef = 8CE207E72670206600DAD0F9 /* PBXContainerItemProxy */;
			sourceTree = BUILT_PRODUCTS_DIR;
		};
		8CE207EA2670206600DAD0F9 /* SongLinkrNetworkCoreTests.xctest */ = {
			isa = PBXReferenceProxy;
			fileType = wrapper.cfbundle;
			path = SongLinkrNetworkCoreTests.xctest;
			remoteRef = 8CE207E92670206600DAD0F9 /* PBXContainerItemProxy */;
			sourceTree = BUILT_PRODUCTS_DIR;
		};
/* End PBXReferenceProxy section */

/* Begin PBXResourcesBuildPhase section */
		8C34F3B526723FEF00E05629 /* Resources */ = {
			isa = PBXResourcesBuildPhase;
			buildActionMask = 2147483647;
			files = (
			);
			runOnlyForDeploymentPostprocessing = 0;
		};
		8C43CB0624A6658E001B89A0 /* Resources */ = {
			isa = PBXResourcesBuildPhase;
			buildActionMask = 2147483647;
			files = (
				8C43CB1324A66593001B89A0 /* Preview Assets.xcassets in Resources */,
				8CBD4EAD2A33BE5E0001BDA2 /* InfoPlist.xcstrings in Resources */,
				8CBD4EAF2A33BE5F0001BDA2 /* Localizable.xcstrings in Resources */,
				8C43CB1024A66593001B89A0 /* Assets.xcassets in Resources */,
			);
			runOnlyForDeploymentPostprocessing = 0;
		};
		8C43CB1724A66593001B89A0 /* Resources */ = {
			isa = PBXResourcesBuildPhase;
			buildActionMask = 2147483647;
			files = (
			);
			runOnlyForDeploymentPostprocessing = 0;
		};
		8C43CB2224A66593001B89A0 /* Resources */ = {
			isa = PBXResourcesBuildPhase;
			buildActionMask = 2147483647;
			files = (
			);
			runOnlyForDeploymentPostprocessing = 0;
		};
		8C4E90752633741B00D201C1 /* Resources */ = {
			isa = PBXResourcesBuildPhase;
			buildActionMask = 2147483647;
			files = (
				8C4E907A2633741B00D201C1 /* Media.xcassets in Resources */,
				8CBD4EB12A33E7B60001BDA2 /* InfoPlist.xcstrings in Resources */,
				8C4E907F2633741B00D201C1 /* MainInterface.storyboard in Resources */,
			);
			runOnlyForDeploymentPostprocessing = 0;
		};
/* End PBXResourcesBuildPhase section */

/* Begin PBXSourcesBuildPhase section */
		8C34F3B326723FEF00E05629 /* Sources */ = {
			isa = PBXSourcesBuildPhase;
			buildActionMask = 2147483647;
			files = (
				8C8BD2882672B35700B75DC9 /* matchURLToPlatformHandler.swift in Sources */,
				8C29068726873F80005A43CD /* Intents.intentdefinition in Sources */,
				8C34F3BC26723FEF00E05629 /* IntentHandler.swift in Sources */,
			);
			runOnlyForDeploymentPostprocessing = 0;
		};
		8C43CB0424A6658E001B89A0 /* Sources */ = {
			isa = PBXSourcesBuildPhase;
			buildActionMask = 2147483647;
			files = (
				8C29068626873F80005A43CD /* Intents.intentdefinition in Sources */,
				8CC0527B26A1BA21007200FE /* SupportedPlatformsList.swift in Sources */,
				8CF3CFF124B3A07C004E5179 /* PlatformLinkButtonStyle.swift in Sources */,
				8CF1D4A0269A1CA800B5A46E /* MatchedItem+CoreDataProperties.swift in Sources */,
				8C063A97267A1B610064B368 /* NeumorphicShadowModifier.swift in Sources */,
				8CF1D49F269A1CA800B5A46E /* MatchedItem+CoreDataClass.swift in Sources */,
				8C08B57624C3134900DC8235 /* GetLinkButton.swift in Sources */,
				8C6BE3D124C3B511004FBDD4 /* MainTabView.swift in Sources */,
				8CAD5444267E16B20062099B /* RequestViewModel.swift in Sources */,
				8C08B57524C3134300DC8235 /* ContentView.swift in Sources */,
				8CDD45922678F10D0074B5D3 /* MediaDetailView.swift in Sources */,
				8CF3CFF724B3B016004E5179 /* ColorManager.swift in Sources */,
				8C81830924A908070047193B /* GetLinkButtonStyle.swift in Sources */,
				8C6BE3D524C3B9DD004FBDD4 /* UserSettings.swift in Sources */,
				8C2906C926876C2B005A43CD /* MatchedItemStorage.swift in Sources */,
				8C08B57424C3133B00DC8235 /* SongLinkrApp.swift in Sources */,
				8CC72A4A24C06E50006672AE /* StatefulPreviewWrapperView.swift in Sources */,
				8C59A912267F69790010A451 /* ShazamButton.swift in Sources */,
				8C43C370267FB6320084CE97 /* SearchScreenView.swift in Sources */,
				8CA1F3E124C0807900E6B853 /* ActivityView.swift in Sources */,
				8C2D1801265C656800478F0F /* URLEntryField.swift in Sources */,
				8C2906C426875EAA005A43CD /* Persistence.swift in Sources */,
				8C29069526875422005A43CD /* HistoryView.swift in Sources */,
				8C08B57A24C3134900DC8235 /* GetLinkButtonView.swift in Sources */,
				8C29069926875A9D005A43CD /* HistoryViewModel.swift in Sources */,
				8CC72A4824C06E2E006672AE /* Binding+Mock.swift in Sources */,
				8C2906DC268CAF99005A43CD /* HistoryViewListItem.swift in Sources */,
				8C6BE3D324C3B5FD004FBDD4 /* SettingsView.swift in Sources */,
				8C6BE3CE24C3971D004FBDD4 /* SongLinkCreditView.swift in Sources */,
				8C08B57924C3134900DC8235 /* ResultsView.swift in Sources */,
				8C08B57824C3134900DC8235 /* MainTextView.swift in Sources */,
				8C08B57724C3134900DC8235 /* PlatformLinkButtonView.swift in Sources */,
				8CAD544A267E17DC0062099B /* ResultsModel.swift in Sources */,
				8CAAE7AB26F4E12F00BBF2CD /* TranslationCreditView.swift in Sources */,
				8C2906C726875F57005A43CD /* Model.xcdatamodeld in Sources */,
			);
			runOnlyForDeploymentPostprocessing = 0;
		};
		8C43CB1524A66593001B89A0 /* Sources */ = {
			isa = PBXSourcesBuildPhase;
			buildActionMask = 2147483647;
			files = (
				8C55B40224C1008300B6E6E3 /* PlatformLinkButtonStyle.swift in Sources */,
				8C0615DB26E027E6000CD6C9 /* MatchedItemStorage.swift in Sources */,
				8C55B3EF24C1008300B6E6E3 /* GetLinkButtonStyle.swift in Sources */,
				8C0615DC26E027E6000CD6C9 /* MatchedItem+CoreDataClass.swift in Sources */,
				8C55B3EA24C1008300B6E6E3 /* StatefulPreviewWrapperView.swift in Sources */,
				8C55B3FE24C1008300B6E6E3 /* ColorManager.swift in Sources */,
				8C55B3FF24C1008300B6E6E3 /* ActivityView.swift in Sources */,
				8C0615DE26E02800000CD6C9 /* Persistence.swift in Sources */,
				8C6BE3D624C3B9DE004FBDD4 /* UserSettings.swift in Sources */,
				8C0615DA26E027DD000CD6C9 /* ResultsModel.swift in Sources */,
				8CAD5447267E16B50062099B /* RequestViewModel.swift in Sources */,
				8C55B3E824C1008300B6E6E3 /* Binding+Mock.swift in Sources */,
				8C0615DD26E027E6000CD6C9 /* MatchedItem+CoreDataProperties.swift in Sources */,
			);
			runOnlyForDeploymentPostprocessing = 0;
		};
		8C43CB2024A66593001B89A0 /* Sources */ = {
			isa = PBXSourcesBuildPhase;
			buildActionMask = 2147483647;
			files = (
				8C43CB2924A66593001B89A0 /* SongLinkrUITests.swift in Sources */,
			);
			runOnlyForDeploymentPostprocessing = 0;
		};
		8C4E90732633741B00D201C1 /* Sources */ = {
			isa = PBXSourcesBuildPhase;
			buildActionMask = 2147483647;
			files = (
				8C4E907C2633741B00D201C1 /* ActionViewController.swift in Sources */,
			);
			runOnlyForDeploymentPostprocessing = 0;
		};
/* End PBXSourcesBuildPhase section */

/* Begin PBXTargetDependency section */
		8C34F3BF26723FEF00E05629 /* PBXTargetDependency */ = {
			isa = PBXTargetDependency;
			target = 8C34F3B626723FEF00E05629 /* Shortcuts */;
			targetProxy = 8C34F3BE26723FEF00E05629 /* PBXContainerItemProxy */;
		};
		8C43CB1B24A66593001B89A0 /* PBXTargetDependency */ = {
			isa = PBXTargetDependency;
			target = 8C43CB0724A6658E001B89A0 /* SongLinkr */;
			targetProxy = 8C43CB1A24A66593001B89A0 /* PBXContainerItemProxy */;
		};
		8C43CB2624A66593001B89A0 /* PBXTargetDependency */ = {
			isa = PBXTargetDependency;
			target = 8C43CB0724A6658E001B89A0 /* SongLinkr */;
			targetProxy = 8C43CB2524A66593001B89A0 /* PBXContainerItemProxy */;
		};
		8C4E90822633741B00D201C1 /* PBXTargetDependency */ = {
			isa = PBXTargetDependency;
			target = 8C4E90762633741B00D201C1 /* SongLinkrActionWithView */;
			targetProxy = 8C4E90812633741B00D201C1 /* PBXContainerItemProxy */;
		};
/* End PBXTargetDependency section */

/* Begin PBXVariantGroup section */
		8C29068926873F80005A43CD /* Intents.intentdefinition */ = {
			isa = PBXVariantGroup;
			children = (
				8C29068826873F80005A43CD /* Base */,
				8C29068D26873F84005A43CD /* de */,
				8C29068F26873F84005A43CD /* es */,
				8C29069126873F95005A43CD /* en */,
				8CECA421283812740073A8B4 /* ja */,
			);
			name = Intents.intentdefinition;
			sourceTree = "<group>";
		};
		8C4E907D2633741B00D201C1 /* MainInterface.storyboard */ = {
			isa = PBXVariantGroup;
			children = (
				8C4E907E2633741B00D201C1 /* Base */,
			);
			name = MainInterface.storyboard;
			sourceTree = "<group>";
		};
/* End PBXVariantGroup section */

/* Begin XCBuildConfiguration section */
		8C34F3C126723FEF00E05629 /* Debug */ = {
			isa = XCBuildConfiguration;
			buildSettings = {
				CODE_SIGN_IDENTITY = "Apple Development";
				CODE_SIGN_STYLE = Automatic;
				CURRENT_PROJECT_VERSION = 162;
				DEVELOPMENT_TEAM = WQ55A92845;
				INFOPLIST_FILE = Shortcuts/Info.plist;
				IPHONEOS_DEPLOYMENT_TARGET = 15.0;
				LD_RUNPATH_SEARCH_PATHS = (
					"$(inherited)",
					"@executable_path/Frameworks",
					"@executable_path/../../Frameworks",
				);
				MARKETING_VERSION = 1.2;
				PRODUCT_BUNDLE_IDENTIFIER = xyz.harryday.songlink.Shortcuts;
				PRODUCT_NAME = "$(TARGET_NAME)";
				SKIP_INSTALL = YES;
				SWIFT_VERSION = 5.0;
				TARGETED_DEVICE_FAMILY = "1,2";
				VERSIONING_SYSTEM = "apple-generic";
			};
			name = Debug;
		};
		8C34F3C226723FEF00E05629 /* Release */ = {
			isa = XCBuildConfiguration;
			buildSettings = {
				CODE_SIGN_IDENTITY = "Apple Development";
				CODE_SIGN_STYLE = Automatic;
				CURRENT_PROJECT_VERSION = 162;
				DEVELOPMENT_TEAM = WQ55A92845;
				INFOPLIST_FILE = Shortcuts/Info.plist;
				IPHONEOS_DEPLOYMENT_TARGET = 15.0;
				LD_RUNPATH_SEARCH_PATHS = (
					"$(inherited)",
					"@executable_path/Frameworks",
					"@executable_path/../../Frameworks",
				);
				MARKETING_VERSION = 1.2;
				PRODUCT_BUNDLE_IDENTIFIER = xyz.harryday.songlink.Shortcuts;
				PRODUCT_NAME = "$(TARGET_NAME)";
				SKIP_INSTALL = YES;
				SWIFT_VERSION = 5.0;
				TARGETED_DEVICE_FAMILY = "1,2";
				VERSIONING_SYSTEM = "apple-generic";
			};
			name = Release;
		};
		8C43CB2B24A66593001B89A0 /* Debug */ = {
			isa = XCBuildConfiguration;
			buildSettings = {
				ALWAYS_SEARCH_USER_PATHS = NO;
				APP_BUILD = 1;
				APP_VERSION = 1.2;
				CLANG_ANALYZER_LOCALIZABILITY_NONLOCALIZED = YES;
				CLANG_ANALYZER_NONNULL = YES;
				CLANG_ANALYZER_NUMBER_OBJECT_CONVERSION = YES_AGGRESSIVE;
				CLANG_CXX_LANGUAGE_STANDARD = "gnu++14";
				CLANG_CXX_LIBRARY = "libc++";
				CLANG_ENABLE_MODULES = YES;
				CLANG_ENABLE_OBJC_ARC = YES;
				CLANG_ENABLE_OBJC_WEAK = YES;
				CLANG_WARN_BLOCK_CAPTURE_AUTORELEASING = YES;
				CLANG_WARN_BOOL_CONVERSION = YES;
				CLANG_WARN_COMMA = YES;
				CLANG_WARN_CONSTANT_CONVERSION = YES;
				CLANG_WARN_DEPRECATED_OBJC_IMPLEMENTATIONS = YES;
				CLANG_WARN_DIRECT_OBJC_ISA_USAGE = YES_ERROR;
				CLANG_WARN_DOCUMENTATION_COMMENTS = YES;
				CLANG_WARN_EMPTY_BODY = YES;
				CLANG_WARN_ENUM_CONVERSION = YES;
				CLANG_WARN_INFINITE_RECURSION = YES;
				CLANG_WARN_INT_CONVERSION = YES;
				CLANG_WARN_NON_LITERAL_NULL_CONVERSION = YES;
				CLANG_WARN_OBJC_IMPLICIT_RETAIN_SELF = YES;
				CLANG_WARN_OBJC_LITERAL_CONVERSION = YES;
				CLANG_WARN_OBJC_ROOT_CLASS = YES_ERROR;
				CLANG_WARN_QUOTED_INCLUDE_IN_FRAMEWORK_HEADER = YES;
				CLANG_WARN_RANGE_LOOP_ANALYSIS = YES;
				CLANG_WARN_STRICT_PROTOTYPES = YES;
				CLANG_WARN_SUSPICIOUS_MOVE = YES;
				CLANG_WARN_UNGUARDED_AVAILABILITY = YES_AGGRESSIVE;
				CLANG_WARN_UNREACHABLE_CODE = YES;
				CLANG_WARN__DUPLICATE_METHOD_MATCH = YES;
				COPY_PHASE_STRIP = NO;
				DEBUG_INFORMATION_FORMAT = dwarf;
				ENABLE_STRICT_OBJC_MSGSEND = YES;
				ENABLE_TESTABILITY = YES;
				GCC_C_LANGUAGE_STANDARD = gnu11;
				GCC_DYNAMIC_NO_PIC = NO;
				GCC_NO_COMMON_BLOCKS = YES;
				GCC_OPTIMIZATION_LEVEL = 0;
				GCC_PREPROCESSOR_DEFINITIONS = (
					"DEBUG=1",
					"$(inherited)",
				);
				GCC_WARN_64_TO_32_BIT_CONVERSION = YES;
				GCC_WARN_ABOUT_RETURN_TYPE = YES_ERROR;
				GCC_WARN_UNDECLARED_SELECTOR = YES;
				GCC_WARN_UNINITIALIZED_AUTOS = YES_AGGRESSIVE;
				GCC_WARN_UNUSED_FUNCTION = YES;
				GCC_WARN_UNUSED_VARIABLE = YES;
				IPHONEOS_DEPLOYMENT_TARGET = 15.0;
				MTL_ENABLE_DEBUG_INFO = INCLUDE_SOURCE;
				MTL_FAST_MATH = YES;
				ONLY_ACTIVE_ARCH = YES;
				SDKROOT = iphoneos;
				SWIFT_ACTIVE_COMPILATION_CONDITIONS = DEBUG;
				SWIFT_EMIT_LOC_STRINGS = YES;
				SWIFT_OPTIMIZATION_LEVEL = "-Onone";
				VERSIONING_SYSTEM = "apple-generic";
			};
			name = Debug;
		};
		8C43CB2C24A66593001B89A0 /* Release */ = {
			isa = XCBuildConfiguration;
			buildSettings = {
				ALWAYS_SEARCH_USER_PATHS = NO;
				APP_BUILD = 1;
				APP_VERSION = 1.2;
				CLANG_ANALYZER_LOCALIZABILITY_NONLOCALIZED = YES;
				CLANG_ANALYZER_NONNULL = YES;
				CLANG_ANALYZER_NUMBER_OBJECT_CONVERSION = YES_AGGRESSIVE;
				CLANG_CXX_LANGUAGE_STANDARD = "gnu++14";
				CLANG_CXX_LIBRARY = "libc++";
				CLANG_ENABLE_MODULES = YES;
				CLANG_ENABLE_OBJC_ARC = YES;
				CLANG_ENABLE_OBJC_WEAK = YES;
				CLANG_WARN_BLOCK_CAPTURE_AUTORELEASING = YES;
				CLANG_WARN_BOOL_CONVERSION = YES;
				CLANG_WARN_COMMA = YES;
				CLANG_WARN_CONSTANT_CONVERSION = YES;
				CLANG_WARN_DEPRECATED_OBJC_IMPLEMENTATIONS = YES;
				CLANG_WARN_DIRECT_OBJC_ISA_USAGE = YES_ERROR;
				CLANG_WARN_DOCUMENTATION_COMMENTS = YES;
				CLANG_WARN_EMPTY_BODY = YES;
				CLANG_WARN_ENUM_CONVERSION = YES;
				CLANG_WARN_INFINITE_RECURSION = YES;
				CLANG_WARN_INT_CONVERSION = YES;
				CLANG_WARN_NON_LITERAL_NULL_CONVERSION = YES;
				CLANG_WARN_OBJC_IMPLICIT_RETAIN_SELF = YES;
				CLANG_WARN_OBJC_LITERAL_CONVERSION = YES;
				CLANG_WARN_OBJC_ROOT_CLASS = YES_ERROR;
				CLANG_WARN_QUOTED_INCLUDE_IN_FRAMEWORK_HEADER = YES;
				CLANG_WARN_RANGE_LOOP_ANALYSIS = YES;
				CLANG_WARN_STRICT_PROTOTYPES = YES;
				CLANG_WARN_SUSPICIOUS_MOVE = YES;
				CLANG_WARN_UNGUARDED_AVAILABILITY = YES_AGGRESSIVE;
				CLANG_WARN_UNREACHABLE_CODE = YES;
				CLANG_WARN__DUPLICATE_METHOD_MATCH = YES;
				COPY_PHASE_STRIP = NO;
				DEBUG_INFORMATION_FORMAT = "dwarf-with-dsym";
				ENABLE_NS_ASSERTIONS = NO;
				ENABLE_STRICT_OBJC_MSGSEND = YES;
				GCC_C_LANGUAGE_STANDARD = gnu11;
				GCC_NO_COMMON_BLOCKS = YES;
				GCC_WARN_64_TO_32_BIT_CONVERSION = YES;
				GCC_WARN_ABOUT_RETURN_TYPE = YES_ERROR;
				GCC_WARN_UNDECLARED_SELECTOR = YES;
				GCC_WARN_UNINITIALIZED_AUTOS = YES_AGGRESSIVE;
				GCC_WARN_UNUSED_FUNCTION = YES;
				GCC_WARN_UNUSED_VARIABLE = YES;
				IPHONEOS_DEPLOYMENT_TARGET = 15.0;
				MTL_ENABLE_DEBUG_INFO = NO;
				MTL_FAST_MATH = YES;
				SDKROOT = iphoneos;
				SWIFT_COMPILATION_MODE = wholemodule;
				SWIFT_EMIT_LOC_STRINGS = YES;
				SWIFT_OPTIMIZATION_LEVEL = "-O";
				VALIDATE_PRODUCT = YES;
				VERSIONING_SYSTEM = "apple-generic";
			};
			name = Release;
		};
		8C43CB2E24A66593001B89A0 /* Debug */ = {
			isa = XCBuildConfiguration;
			buildSettings = {
				ALWAYS_EMBED_SWIFT_STANDARD_LIBRARIES = YES;
				ASSETCATALOG_COMPILER_APPICON_NAME = AppIcon;
				ASSETCATALOG_COMPILER_GLOBAL_ACCENT_COLOR_NAME = AccentColor;
				CODE_SIGN_IDENTITY = "Apple Development";
				CODE_SIGN_STYLE = Automatic;
				CURRENT_PROJECT_VERSION = 162;
				DEVELOPMENT_ASSET_PATHS = "\"SongLinkr/Preview Content\"";
				DEVELOPMENT_TEAM = WQ55A92845;
				ENABLE_PREVIEWS = YES;
				INFOPLIST_FILE = SongLinkr/Info.plist;
				IPHONEOS_DEPLOYMENT_TARGET = 15.0;
				LD_RUNPATH_SEARCH_PATHS = (
					"$(inherited)",
					"@executable_path/Frameworks",
				);
				MARKETING_VERSION = 2.0.2;
				PRODUCT_BUNDLE_IDENTIFIER = xyz.harryday.songlink;
				PRODUCT_NAME = "$(TARGET_NAME)";
				PROVISIONING_PROFILE_SPECIFIER = "";
				SWIFT_EMIT_LOC_STRINGS = YES;
				SWIFT_VERSION = 5.0;
				TARGETED_DEVICE_FAMILY = 1;
				VERSIONING_SYSTEM = "apple-generic";
			};
			name = Debug;
		};
		8C43CB2F24A66593001B89A0 /* Release */ = {
			isa = XCBuildConfiguration;
			buildSettings = {
				ALWAYS_EMBED_SWIFT_STANDARD_LIBRARIES = YES;
				ASSETCATALOG_COMPILER_APPICON_NAME = AppIcon;
				ASSETCATALOG_COMPILER_GLOBAL_ACCENT_COLOR_NAME = AccentColor;
				CODE_SIGN_IDENTITY = "Apple Development";
				CODE_SIGN_STYLE = Automatic;
				CURRENT_PROJECT_VERSION = 162;
				DEVELOPMENT_ASSET_PATHS = "\"SongLinkr/Preview Content\"";
				DEVELOPMENT_TEAM = WQ55A92845;
				ENABLE_PREVIEWS = YES;
				INFOPLIST_FILE = SongLinkr/Info.plist;
				IPHONEOS_DEPLOYMENT_TARGET = 15.0;
				LD_RUNPATH_SEARCH_PATHS = (
					"$(inherited)",
					"@executable_path/Frameworks",
				);
				MARKETING_VERSION = 2.0.2;
				PRODUCT_BUNDLE_IDENTIFIER = xyz.harryday.songlink;
				PRODUCT_NAME = "$(TARGET_NAME)";
				PROVISIONING_PROFILE_SPECIFIER = "";
				SWIFT_EMIT_LOC_STRINGS = YES;
				SWIFT_VERSION = 5.0;
				TARGETED_DEVICE_FAMILY = 1;
				VERSIONING_SYSTEM = "apple-generic";
			};
			name = Release;
		};
		8C43CB3124A66593001B89A0 /* Debug */ = {
			isa = XCBuildConfiguration;
			buildSettings = {
				ALWAYS_EMBED_SWIFT_STANDARD_LIBRARIES = YES;
				BUNDLE_LOADER = "$(TEST_HOST)";
				CODE_SIGN_STYLE = Automatic;
				DEVELOPMENT_TEAM = WQ55A92845;
				INFOPLIST_FILE = SongLinkrTests/Info.plist;
				IPHONEOS_DEPLOYMENT_TARGET = 15.0;
				LD_RUNPATH_SEARCH_PATHS = (
					"$(inherited)",
					"@executable_path/Frameworks",
					"@loader_path/Frameworks",
				);
				PRODUCT_BUNDLE_IDENTIFIER = xyz.harryday.SongLinkrTests;
				PRODUCT_NAME = "$(TARGET_NAME)";
				SWIFT_VERSION = 5.0;
				TARGETED_DEVICE_FAMILY = "1,2";
				TEST_HOST = "$(BUILT_PRODUCTS_DIR)/SongLinkr.app/SongLinkr";
			};
			name = Debug;
		};
		8C43CB3224A66593001B89A0 /* Release */ = {
			isa = XCBuildConfiguration;
			buildSettings = {
				ALWAYS_EMBED_SWIFT_STANDARD_LIBRARIES = YES;
				BUNDLE_LOADER = "$(TEST_HOST)";
				CODE_SIGN_STYLE = Automatic;
				DEVELOPMENT_TEAM = WQ55A92845;
				INFOPLIST_FILE = SongLinkrTests/Info.plist;
				IPHONEOS_DEPLOYMENT_TARGET = 15.0;
				LD_RUNPATH_SEARCH_PATHS = (
					"$(inherited)",
					"@executable_path/Frameworks",
					"@loader_path/Frameworks",
				);
				PRODUCT_BUNDLE_IDENTIFIER = xyz.harryday.SongLinkrTests;
				PRODUCT_NAME = "$(TARGET_NAME)";
				SWIFT_VERSION = 5.0;
				TARGETED_DEVICE_FAMILY = "1,2";
				TEST_HOST = "$(BUILT_PRODUCTS_DIR)/SongLinkr.app/SongLinkr";
			};
			name = Release;
		};
		8C43CB3424A66593001B89A0 /* Debug */ = {
			isa = XCBuildConfiguration;
			buildSettings = {
				ALWAYS_EMBED_SWIFT_STANDARD_LIBRARIES = YES;
				CODE_SIGN_STYLE = Automatic;
				DEVELOPMENT_TEAM = WQ55A92845;
				INFOPLIST_FILE = SongLinkrUITests/Info.plist;
				LD_RUNPATH_SEARCH_PATHS = (
					"$(inherited)",
					"@executable_path/Frameworks",
					"@loader_path/Frameworks",
				);
				PRODUCT_BUNDLE_IDENTIFIER = xyz.harryday.SongLinkrUITests;
				PRODUCT_NAME = "$(TARGET_NAME)";
				SWIFT_VERSION = 5.0;
				TARGETED_DEVICE_FAMILY = "1,2";
				TEST_TARGET_NAME = SongLinkr;
			};
			name = Debug;
		};
		8C43CB3524A66593001B89A0 /* Release */ = {
			isa = XCBuildConfiguration;
			buildSettings = {
				ALWAYS_EMBED_SWIFT_STANDARD_LIBRARIES = YES;
				CODE_SIGN_STYLE = Automatic;
				DEVELOPMENT_TEAM = WQ55A92845;
				INFOPLIST_FILE = SongLinkrUITests/Info.plist;
				LD_RUNPATH_SEARCH_PATHS = (
					"$(inherited)",
					"@executable_path/Frameworks",
					"@loader_path/Frameworks",
				);
				PRODUCT_BUNDLE_IDENTIFIER = xyz.harryday.SongLinkrUITests;
				PRODUCT_NAME = "$(TARGET_NAME)";
				SWIFT_VERSION = 5.0;
				TARGETED_DEVICE_FAMILY = "1,2";
				TEST_TARGET_NAME = SongLinkr;
			};
			name = Release;
		};
		8C4E90852633741B00D201C1 /* Debug */ = {
			isa = XCBuildConfiguration;
			buildSettings = {
				ASSETCATALOG_COMPILER_APPICON_NAME = "AppIconExtension-iOS";
				ASSETCATALOG_COMPILER_LAUNCHIMAGE_NAME = "";
				CODE_SIGN_IDENTITY = "Apple Development";
				CODE_SIGN_STYLE = Automatic;
				CURRENT_PROJECT_VERSION = 162;
				DEVELOPMENT_TEAM = WQ55A92845;
				INFOPLIST_FILE = SongLinkrActionWithView/Info.plist;
				IPHONEOS_DEPLOYMENT_TARGET = 15.0;
				LD_RUNPATH_SEARCH_PATHS = (
					"$(inherited)",
					"@executable_path/Frameworks",
					"@executable_path/../../Frameworks",
				);
				MARKETING_VERSION = 2.0.2;
				PRODUCT_BUNDLE_IDENTIFIER = xyz.harryday.songlink.SongLinkrActionWithView;
				PRODUCT_NAME = "$(TARGET_NAME)";
				SKIP_INSTALL = YES;
				SWIFT_VERSION = 5.0;
				TARGETED_DEVICE_FAMILY = "1,2";
				VERSIONING_SYSTEM = "apple-generic";
			};
			name = Debug;
		};
		8C4E90862633741B00D201C1 /* Release */ = {
			isa = XCBuildConfiguration;
			buildSettings = {
				ASSETCATALOG_COMPILER_APPICON_NAME = "AppIconExtension-iOS";
				ASSETCATALOG_COMPILER_LAUNCHIMAGE_NAME = "";
				CODE_SIGN_IDENTITY = "Apple Development";
				CODE_SIGN_STYLE = Automatic;
				CURRENT_PROJECT_VERSION = 162;
				DEVELOPMENT_TEAM = WQ55A92845;
				INFOPLIST_FILE = SongLinkrActionWithView/Info.plist;
				IPHONEOS_DEPLOYMENT_TARGET = 15.0;
				LD_RUNPATH_SEARCH_PATHS = (
					"$(inherited)",
					"@executable_path/Frameworks",
					"@executable_path/../../Frameworks",
				);
				MARKETING_VERSION = 2.0.2;
				PRODUCT_BUNDLE_IDENTIFIER = xyz.harryday.songlink.SongLinkrActionWithView;
				PRODUCT_NAME = "$(TARGET_NAME)";
				SKIP_INSTALL = YES;
				SWIFT_VERSION = 5.0;
				TARGETED_DEVICE_FAMILY = "1,2";
				VERSIONING_SYSTEM = "apple-generic";
			};
			name = Release;
		};
/* End XCBuildConfiguration section */

/* Begin XCConfigurationList section */
		8C34F3C526723FEF00E05629 /* Build configuration list for PBXNativeTarget "Shortcuts" */ = {
			isa = XCConfigurationList;
			buildConfigurations = (
				8C34F3C126723FEF00E05629 /* Debug */,
				8C34F3C226723FEF00E05629 /* Release */,
			);
			defaultConfigurationIsVisible = 0;
			defaultConfigurationName = Release;
		};
		8C43CB0324A6658E001B89A0 /* Build configuration list for PBXProject "SongLinkr" */ = {
			isa = XCConfigurationList;
			buildConfigurations = (
				8C43CB2B24A66593001B89A0 /* Debug */,
				8C43CB2C24A66593001B89A0 /* Release */,
			);
			defaultConfigurationIsVisible = 0;
			defaultConfigurationName = Release;
		};
		8C43CB2D24A66593001B89A0 /* Build configuration list for PBXNativeTarget "SongLinkr" */ = {
			isa = XCConfigurationList;
			buildConfigurations = (
				8C43CB2E24A66593001B89A0 /* Debug */,
				8C43CB2F24A66593001B89A0 /* Release */,
			);
			defaultConfigurationIsVisible = 0;
			defaultConfigurationName = Release;
		};
		8C43CB3024A66593001B89A0 /* Build configuration list for PBXNativeTarget "SongLinkrTests" */ = {
			isa = XCConfigurationList;
			buildConfigurations = (
				8C43CB3124A66593001B89A0 /* Debug */,
				8C43CB3224A66593001B89A0 /* Release */,
			);
			defaultConfigurationIsVisible = 0;
			defaultConfigurationName = Release;
		};
		8C43CB3324A66593001B89A0 /* Build configuration list for PBXNativeTarget "SongLinkrUITests" */ = {
			isa = XCConfigurationList;
			buildConfigurations = (
				8C43CB3424A66593001B89A0 /* Debug */,
				8C43CB3524A66593001B89A0 /* Release */,
			);
			defaultConfigurationIsVisible = 0;
			defaultConfigurationName = Release;
		};
		8C4E90842633741B00D201C1 /* Build configuration list for PBXNativeTarget "SongLinkrActionWithView" */ = {
			isa = XCConfigurationList;
			buildConfigurations = (
				8C4E90852633741B00D201C1 /* Debug */,
				8C4E90862633741B00D201C1 /* Release */,
			);
			defaultConfigurationIsVisible = 0;
			defaultConfigurationName = Release;
		};
/* End XCConfigurationList section */

/* Begin XCVersionGroup section */
		8C2906C526875F57005A43CD /* Model.xcdatamodeld */ = {
			isa = XCVersionGroup;
			children = (
				8C2906C626875F57005A43CD /* Model.xcdatamodel */,
			);
			currentVersion = 8C2906C626875F57005A43CD /* Model.xcdatamodel */;
			path = Model.xcdatamodeld;
			sourceTree = "<group>";
			versionGroupType = wrapper.xcdatamodel;
		};
/* End XCVersionGroup section */
	};
	rootObject = 8C43CB0024A6658E001B89A0 /* Project object */;
}
