// !$*UTF8*$!
{
	archiveVersion = 1;
	classes = {
	};
	objectVersion = 50;
	objects = {

/* Begin PBXBuildFile section */
		8C08B57424C3133B00DC8235 /* SongLinkrApp.swift in Sources */ = {isa = PBXBuildFile; fileRef = 8C43CB0B24A6658E001B89A0 /* SongLinkrApp.swift */; };
		8C08B57524C3134300DC8235 /* ContentView.swift in Sources */ = {isa = PBXBuildFile; fileRef = 8C43CB0D24A6658E001B89A0 /* ContentView.swift */; };
		8C08B57624C3134900DC8235 /* GetLinkButton.swift in Sources */ = {isa = PBXBuildFile; fileRef = 8C51E3E024B36B0600BD8D3D /* GetLinkButton.swift */; };
		8C08B57724C3134900DC8235 /* PlatformLinkButtonView.swift in Sources */ = {isa = PBXBuildFile; fileRef = 8C51E3E624B36FE700BD8D3D /* PlatformLinkButtonView.swift */; };
		8C08B57824C3134900DC8235 /* MainTextView.swift in Sources */ = {isa = PBXBuildFile; fileRef = 8C81830F24A9408C0047193B /* MainTextView.swift */; };
		8C08B57924C3134900DC8235 /* ResultsView.swift in Sources */ = {isa = PBXBuildFile; fileRef = 8C81831124A945F30047193B /* ResultsView.swift */; };
		8C08B57A24C3134900DC8235 /* GetLinkButtonView.swift in Sources */ = {isa = PBXBuildFile; fileRef = 8CA41EBD24B25257006C8ADB /* GetLinkButtonView.swift */; };
		8C1C7B79262C5D7D00A14896 /* Store.swift in Sources */ = {isa = PBXBuildFile; fileRef = 8C1C7B78262C5D7D00A14896 /* Store.swift */; };
		8C2D1801265C656800478F0F /* URLEntryField.swift in Sources */ = {isa = PBXBuildFile; fileRef = 8C2D1800265C656800478F0F /* URLEntryField.swift */; };
		8C3132DB24C4837800A722EB /* Platform+EntityName.swift in Sources */ = {isa = PBXBuildFile; fileRef = 8C3132DA24C4837800A722EB /* Platform+EntityName.swift */; };
		8C3132DC24C4837D00A722EB /* Platform+EntityName.swift in Sources */ = {isa = PBXBuildFile; fileRef = 8C3132DA24C4837800A722EB /* Platform+EntityName.swift */; };
		8C314DC9262C6F1F007BC14C /* App.swift in Sources */ = {isa = PBXBuildFile; fileRef = 8C314DC8262C6F1F007BC14C /* App.swift */; };
		8C43CB1024A66593001B89A0 /* Assets.xcassets in Resources */ = {isa = PBXBuildFile; fileRef = 8C43CB0F24A66593001B89A0 /* Assets.xcassets */; };
		8C43CB1324A66593001B89A0 /* Preview Assets.xcassets in Resources */ = {isa = PBXBuildFile; fileRef = 8C43CB1224A66593001B89A0 /* Preview Assets.xcassets */; };
		8C43CB2924A66593001B89A0 /* SongLinkrUITests.swift in Sources */ = {isa = PBXBuildFile; fileRef = 8C43CB2824A66593001B89A0 /* SongLinkrUITests.swift */; };
		8C43CB3824A66659001B89A0 /* SongLinkAPIResponse.swift in Sources */ = {isa = PBXBuildFile; fileRef = 8C43CB3724A66659001B89A0 /* SongLinkAPIResponse.swift */; };
		8C43CB3B24A666E2001B89A0 /* SongLinkAPIResponse+MusicType.swift in Sources */ = {isa = PBXBuildFile; fileRef = 8C43CB3A24A666E2001B89A0 /* SongLinkAPIResponse+MusicType.swift */; };
		8C43CB3D24A66702001B89A0 /* SongLinkAPIResponse+APIProvider.swift in Sources */ = {isa = PBXBuildFile; fileRef = 8C43CB3C24A66702001B89A0 /* SongLinkAPIResponse+APIProvider.swift */; };
		8C43CB3F24A66725001B89A0 /* SongLinkAPIResponse+Platform.swift in Sources */ = {isa = PBXBuildFile; fileRef = 8C43CB3E24A66725001B89A0 /* SongLinkAPIResponse+Platform.swift */; };
		8C43CB4124A6673D001B89A0 /* SongLinkAPIResponse+Entity.swift in Sources */ = {isa = PBXBuildFile; fileRef = 8C43CB4024A6673D001B89A0 /* SongLinkAPIResponse+Entity.swift */; };
		8C43CB4324A66751001B89A0 /* SongLinkAPIResponse+PlatformInfo.swift in Sources */ = {isa = PBXBuildFile; fileRef = 8C43CB4224A66751001B89A0 /* SongLinkAPIResponse+PlatformInfo.swift */; };
		8C43CB4524A66874001B89A0 /* Endpoint.swift in Sources */ = {isa = PBXBuildFile; fileRef = 8C43CB4424A66874001B89A0 /* Endpoint.swift */; };
		8C43CB4724A668AD001B89A0 /* Endpoint+search.swift in Sources */ = {isa = PBXBuildFile; fileRef = 8C43CB4624A668AD001B89A0 /* Endpoint+search.swift */; };
		8C43CB4A24A668D0001B89A0 /* Endpoint+url.swift in Sources */ = {isa = PBXBuildFile; fileRef = 8C43CB4924A668D0001B89A0 /* Endpoint+url.swift */; };
		8C43CB4C24A66944001B89A0 /* Network.swift in Sources */ = {isa = PBXBuildFile; fileRef = 8C43CB4B24A66944001B89A0 /* Network.swift */; };
		8C4E907A2633741B00D201C1 /* Media.xcassets in Resources */ = {isa = PBXBuildFile; fileRef = 8C4E90792633741B00D201C1 /* Media.xcassets */; };
		8C4E907C2633741B00D201C1 /* ActionViewController.swift in Sources */ = {isa = PBXBuildFile; fileRef = 8C4E907B2633741B00D201C1 /* ActionViewController.swift */; };
		8C4E907F2633741B00D201C1 /* MainInterface.storyboard in Resources */ = {isa = PBXBuildFile; fileRef = 8C4E907D2633741B00D201C1 /* MainInterface.storyboard */; };
		8C4E90832633741B00D201C1 /* SongLinkrActionWithView.appex in Embed App Extensions */ = {isa = PBXBuildFile; fileRef = 8C4E90772633741B00D201C1 /* SongLinkrActionWithView.appex */; settings = {ATTRIBUTES = (RemoveHeadersOnCopy, ); }; };
		8C52E1D6263C2688004BFFB8 /* Localizable.strings in Resources */ = {isa = PBXBuildFile; fileRef = 8C52E1D8263C2688004BFFB8 /* Localizable.strings */; };
		8C55B3DE24C0FCEB00B6E6E3 /* BadResponseModelTests.swift in Sources */ = {isa = PBXBuildFile; fileRef = 8C55B3DC24C0FCEB00B6E6E3 /* BadResponseModelTests.swift */; };
		8C55B3E824C1008300B6E6E3 /* Binding+Mock.swift in Sources */ = {isa = PBXBuildFile; fileRef = 8CC72A4724C06E2E006672AE /* Binding+Mock.swift */; };
		8C55B3EA24C1008300B6E6E3 /* StatefulPreviewWrapperView.swift in Sources */ = {isa = PBXBuildFile; fileRef = 8CC72A4924C06E50006672AE /* StatefulPreviewWrapperView.swift */; };
		8C55B3EC24C1008300B6E6E3 /* SongLinkAPIResponse.swift in Sources */ = {isa = PBXBuildFile; fileRef = 8C43CB3724A66659001B89A0 /* SongLinkAPIResponse.swift */; };
		8C55B3ED24C1008300B6E6E3 /* Platform+iconName.swift in Sources */ = {isa = PBXBuildFile; fileRef = 8C6277D224B39E5500D4F9F6 /* Platform+iconName.swift */; };
		8C55B3EE24C1008300B6E6E3 /* BadResponse.swift in Sources */ = {isa = PBXBuildFile; fileRef = 8CA41EC024B2783B006C8ADB /* BadResponse.swift */; };
		8C55B3EF24C1008300B6E6E3 /* GetLinkButtonStyle.swift in Sources */ = {isa = PBXBuildFile; fileRef = 8C81830824A908070047193B /* GetLinkButtonStyle.swift */; };
		8C55B3F124C1008300B6E6E3 /* Endpoint+url.swift in Sources */ = {isa = PBXBuildFile; fileRef = 8C43CB4924A668D0001B89A0 /* Endpoint+url.swift */; };
		8C55B3F324C1008300B6E6E3 /* Endpoint+search.swift in Sources */ = {isa = PBXBuildFile; fileRef = 8C43CB4624A668AD001B89A0 /* Endpoint+search.swift */; };
		8C55B3F424C1008300B6E6E3 /* SongLinkAPIResponse+PlatformInfo.swift in Sources */ = {isa = PBXBuildFile; fileRef = 8C43CB4224A66751001B89A0 /* SongLinkAPIResponse+PlatformInfo.swift */; };
		8C55B3F524C1008300B6E6E3 /* SongLinkAPIResponse+APIProvider.swift in Sources */ = {isa = PBXBuildFile; fileRef = 8C43CB3C24A66702001B89A0 /* SongLinkAPIResponse+APIProvider.swift */; };
		8C55B3F724C1008300B6E6E3 /* SongLinkAPIResponse+MusicType.swift in Sources */ = {isa = PBXBuildFile; fileRef = 8C43CB3A24A666E2001B89A0 /* SongLinkAPIResponse+MusicType.swift */; };
		8C55B3FA24C1008300B6E6E3 /* SongLinkAPIResponse+Platform.swift in Sources */ = {isa = PBXBuildFile; fileRef = 8C43CB3E24A66725001B89A0 /* SongLinkAPIResponse+Platform.swift */; };
		8C55B3FB24C1008300B6E6E3 /* Platform+displayName.swift in Sources */ = {isa = PBXBuildFile; fileRef = 8C6277CF24B39E2C00D4F9F6 /* Platform+displayName.swift */; };
		8C55B3FC24C1008300B6E6E3 /* Endpoint.swift in Sources */ = {isa = PBXBuildFile; fileRef = 8C43CB4424A66874001B89A0 /* Endpoint.swift */; };
		8C55B3FD24C1008300B6E6E3 /* PlatformLinks.swift in Sources */ = {isa = PBXBuildFile; fileRef = 8CA41EBB24B245CD006C8ADB /* PlatformLinks.swift */; };
		8C55B3FE24C1008300B6E6E3 /* ColorManager.swift in Sources */ = {isa = PBXBuildFile; fileRef = 8CF3CFF624B3B016004E5179 /* ColorManager.swift */; };
		8C55B3FF24C1008300B6E6E3 /* ActivityView.swift in Sources */ = {isa = PBXBuildFile; fileRef = 8CA1F3E024C0807900E6B853 /* ActivityView.swift */; };
		8C55B40024C1008300B6E6E3 /* Network.swift in Sources */ = {isa = PBXBuildFile; fileRef = 8C43CB4B24A66944001B89A0 /* Network.swift */; };
		8C55B40124C1008300B6E6E3 /* SongLinkAPIResponse+Entity.swift in Sources */ = {isa = PBXBuildFile; fileRef = 8C43CB4024A6673D001B89A0 /* SongLinkAPIResponse+Entity.swift */; };
		8C55B40224C1008300B6E6E3 /* PlatformLinkButtonStyle.swift in Sources */ = {isa = PBXBuildFile; fileRef = 8CF3CFF024B3A07C004E5179 /* PlatformLinkButtonStyle.swift */; };
		8C55B40524C102E200B6E6E3 /* EndpointModelTests.swift in Sources */ = {isa = PBXBuildFile; fileRef = 8C55B40324C102E200B6E6E3 /* EndpointModelTests.swift */; };
		8C561BEF24B1234900EB9833 /* NetworkTests.swift in Sources */ = {isa = PBXBuildFile; fileRef = 8C561BEE24B1234900EB9833 /* NetworkTests.swift */; };
		8C6277D024B39E2C00D4F9F6 /* Platform+displayName.swift in Sources */ = {isa = PBXBuildFile; fileRef = 8C6277CF24B39E2C00D4F9F6 /* Platform+displayName.swift */; };
		8C6277D324B39E5500D4F9F6 /* Platform+iconName.swift in Sources */ = {isa = PBXBuildFile; fileRef = 8C6277D224B39E5500D4F9F6 /* Platform+iconName.swift */; };
		8C6BE3CE24C3971D004FBDD4 /* SongLinkCreditView.swift in Sources */ = {isa = PBXBuildFile; fileRef = 8C6BE3CD24C3971D004FBDD4 /* SongLinkCreditView.swift */; };
		8C6BE3D124C3B511004FBDD4 /* MainTabView.swift in Sources */ = {isa = PBXBuildFile; fileRef = 8C6BE3D024C3B511004FBDD4 /* MainTabView.swift */; };
		8C6BE3D324C3B5FD004FBDD4 /* SettingsView.swift in Sources */ = {isa = PBXBuildFile; fileRef = 8C6BE3D224C3B5FD004FBDD4 /* SettingsView.swift */; };
		8C6BE3D524C3B9DD004FBDD4 /* UserSettings.swift in Sources */ = {isa = PBXBuildFile; fileRef = 8C6BE3D424C3B9DD004FBDD4 /* UserSettings.swift */; };
		8C6BE3D624C3B9DE004FBDD4 /* UserSettings.swift in Sources */ = {isa = PBXBuildFile; fileRef = 8C6BE3D424C3B9DD004FBDD4 /* UserSettings.swift */; };
		8C81830924A908070047193B /* GetLinkButtonStyle.swift in Sources */ = {isa = PBXBuildFile; fileRef = 8C81830824A908070047193B /* GetLinkButtonStyle.swift */; };
		8C9F7D5924C1909400D1E698 /* URL+ExpressibleByStringLiteral.swift in Sources */ = {isa = PBXBuildFile; fileRef = 8C9F7D5824C1909400D1E698 /* URL+ExpressibleByStringLiteral.swift */; };
		8C9F7D5C24C1912000D1E698 /* Optional+Require.swift in Sources */ = {isa = PBXBuildFile; fileRef = 8C9F7D5B24C1912000D1E698 /* Optional+Require.swift */; };
		8C9F7D5D24C1912000D1E698 /* Optional+Require.swift in Sources */ = {isa = PBXBuildFile; fileRef = 8C9F7D5B24C1912000D1E698 /* Optional+Require.swift */; };
		8C9F7D5F24C1925F00D1E698 /* SongLinkAPIResponseTests.swift in Sources */ = {isa = PBXBuildFile; fileRef = 8C9F7D5E24C1925F00D1E698 /* SongLinkAPIResponseTests.swift */; };
		8CA1F3E124C0807900E6B853 /* ActivityView.swift in Sources */ = {isa = PBXBuildFile; fileRef = 8CA1F3E024C0807900E6B853 /* ActivityView.swift */; };
		8CA41EBC24B245CD006C8ADB /* PlatformLinks.swift in Sources */ = {isa = PBXBuildFile; fileRef = 8CA41EBB24B245CD006C8ADB /* PlatformLinks.swift */; };
		8CA41EC124B2783B006C8ADB /* BadResponse.swift in Sources */ = {isa = PBXBuildFile; fileRef = 8CA41EC024B2783B006C8ADB /* BadResponse.swift */; };
		8CC72A4824C06E2E006672AE /* Binding+Mock.swift in Sources */ = {isa = PBXBuildFile; fileRef = 8CC72A4724C06E2E006672AE /* Binding+Mock.swift */; };
		8CC72A4A24C06E50006672AE /* StatefulPreviewWrapperView.swift in Sources */ = {isa = PBXBuildFile; fileRef = 8CC72A4924C06E50006672AE /* StatefulPreviewWrapperView.swift */; };
		8CE9078E2635F1DB003D710F /* Platform+DisplayRank.swift in Sources */ = {isa = PBXBuildFile; fileRef = 8CE9078D2635F1DB003D710F /* Platform+DisplayRank.swift */; };
		8CF3CFF124B3A07C004E5179 /* PlatformLinkButtonStyle.swift in Sources */ = {isa = PBXBuildFile; fileRef = 8CF3CFF024B3A07C004E5179 /* PlatformLinkButtonStyle.swift */; };
		8CF3CFF724B3B016004E5179 /* ColorManager.swift in Sources */ = {isa = PBXBuildFile; fileRef = 8CF3CFF624B3B016004E5179 /* ColorManager.swift */; };
/* End PBXBuildFile section */

/* Begin PBXContainerItemProxy section */
		8C43CB1A24A66593001B89A0 /* PBXContainerItemProxy */ = {
			isa = PBXContainerItemProxy;
			containerPortal = 8C43CB0024A6658E001B89A0 /* Project object */;
			proxyType = 1;
			remoteGlobalIDString = 8C43CB0724A6658E001B89A0;
			remoteInfo = SongLinkr;
		};
		8C43CB2524A66593001B89A0 /* PBXContainerItemProxy */ = {
			isa = PBXContainerItemProxy;
			containerPortal = 8C43CB0024A6658E001B89A0 /* Project object */;
			proxyType = 1;
			remoteGlobalIDString = 8C43CB0724A6658E001B89A0;
			remoteInfo = SongLinkr;
		};
		8C4E90812633741B00D201C1 /* PBXContainerItemProxy */ = {
			isa = PBXContainerItemProxy;
			containerPortal = 8C43CB0024A6658E001B89A0 /* Project object */;
			proxyType = 1;
			remoteGlobalIDString = 8C4E90762633741B00D201C1;
			remoteInfo = SongLinkrActionWithView;
		};
/* End PBXContainerItemProxy section */

/* Begin PBXCopyFilesBuildPhase section */
		8CFF204724C21CC900112F67 /* Embed App Extensions */ = {
			isa = PBXCopyFilesBuildPhase;
			buildActionMask = 2147483647;
			dstPath = "";
			dstSubfolderSpec = 13;
			files = (
				8C4E90832633741B00D201C1 /* SongLinkrActionWithView.appex in Embed App Extensions */,
			);
			name = "Embed App Extensions";
			runOnlyForDeploymentPostprocessing = 0;
		};
/* End PBXCopyFilesBuildPhase section */

/* Begin PBXFileReference section */
		8C1C7B78262C5D7D00A14896 /* Store.swift */ = {isa = PBXFileReference; lastKnownFileType = sourcecode.swift; path = Store.swift; sourceTree = "<group>"; };
		8C2D1800265C656800478F0F /* URLEntryField.swift */ = {isa = PBXFileReference; lastKnownFileType = sourcecode.swift; path = URLEntryField.swift; sourceTree = "<group>"; };
		8C3132DA24C4837800A722EB /* Platform+EntityName.swift */ = {isa = PBXFileReference; lastKnownFileType = sourcecode.swift; path = "Platform+EntityName.swift"; sourceTree = "<group>"; };
		8C314DC8262C6F1F007BC14C /* App.swift */ = {isa = PBXFileReference; lastKnownFileType = sourcecode.swift; path = App.swift; sourceTree = "<group>"; };
		8C43CB0824A6658E001B89A0 /* SongLinkr.app */ = {isa = PBXFileReference; explicitFileType = wrapper.application; includeInIndex = 0; path = SongLinkr.app; sourceTree = BUILT_PRODUCTS_DIR; };
		8C43CB0B24A6658E001B89A0 /* SongLinkrApp.swift */ = {isa = PBXFileReference; lastKnownFileType = sourcecode.swift; path = SongLinkrApp.swift; sourceTree = "<group>"; };
		8C43CB0D24A6658E001B89A0 /* ContentView.swift */ = {isa = PBXFileReference; lastKnownFileType = sourcecode.swift; path = ContentView.swift; sourceTree = "<group>"; };
		8C43CB0F24A66593001B89A0 /* Assets.xcassets */ = {isa = PBXFileReference; lastKnownFileType = folder.assetcatalog; path = Assets.xcassets; sourceTree = "<group>"; };
		8C43CB1224A66593001B89A0 /* Preview Assets.xcassets */ = {isa = PBXFileReference; lastKnownFileType = folder.assetcatalog; path = "Preview Assets.xcassets"; sourceTree = "<group>"; };
		8C43CB1424A66593001B89A0 /* Info.plist */ = {isa = PBXFileReference; lastKnownFileType = text.plist.xml; path = Info.plist; sourceTree = "<group>"; };
		8C43CB1924A66593001B89A0 /* SongLinkrTests.xctest */ = {isa = PBXFileReference; explicitFileType = wrapper.cfbundle; includeInIndex = 0; path = SongLinkrTests.xctest; sourceTree = BUILT_PRODUCTS_DIR; };
		8C43CB1F24A66593001B89A0 /* Info.plist */ = {isa = PBXFileReference; lastKnownFileType = text.plist.xml; path = Info.plist; sourceTree = "<group>"; };
		8C43CB2424A66593001B89A0 /* SongLinkrUITests.xctest */ = {isa = PBXFileReference; explicitFileType = wrapper.cfbundle; includeInIndex = 0; path = SongLinkrUITests.xctest; sourceTree = BUILT_PRODUCTS_DIR; };
		8C43CB2824A66593001B89A0 /* SongLinkrUITests.swift */ = {isa = PBXFileReference; lastKnownFileType = sourcecode.swift; path = SongLinkrUITests.swift; sourceTree = "<group>"; };
		8C43CB2A24A66593001B89A0 /* Info.plist */ = {isa = PBXFileReference; lastKnownFileType = text.plist.xml; path = Info.plist; sourceTree = "<group>"; };
		8C43CB3724A66659001B89A0 /* SongLinkAPIResponse.swift */ = {isa = PBXFileReference; lastKnownFileType = sourcecode.swift; path = SongLinkAPIResponse.swift; sourceTree = "<group>"; };
		8C43CB3A24A666E2001B89A0 /* SongLinkAPIResponse+MusicType.swift */ = {isa = PBXFileReference; lastKnownFileType = sourcecode.swift; path = "SongLinkAPIResponse+MusicType.swift"; sourceTree = "<group>"; };
		8C43CB3C24A66702001B89A0 /* SongLinkAPIResponse+APIProvider.swift */ = {isa = PBXFileReference; lastKnownFileType = sourcecode.swift; path = "SongLinkAPIResponse+APIProvider.swift"; sourceTree = "<group>"; };
		8C43CB3E24A66725001B89A0 /* SongLinkAPIResponse+Platform.swift */ = {isa = PBXFileReference; lastKnownFileType = sourcecode.swift; path = "SongLinkAPIResponse+Platform.swift"; sourceTree = "<group>"; };
		8C43CB4024A6673D001B89A0 /* SongLinkAPIResponse+Entity.swift */ = {isa = PBXFileReference; lastKnownFileType = sourcecode.swift; path = "SongLinkAPIResponse+Entity.swift"; sourceTree = "<group>"; };
		8C43CB4224A66751001B89A0 /* SongLinkAPIResponse+PlatformInfo.swift */ = {isa = PBXFileReference; lastKnownFileType = sourcecode.swift; path = "SongLinkAPIResponse+PlatformInfo.swift"; sourceTree = "<group>"; };
		8C43CB4424A66874001B89A0 /* Endpoint.swift */ = {isa = PBXFileReference; lastKnownFileType = sourcecode.swift; path = Endpoint.swift; sourceTree = "<group>"; };
		8C43CB4624A668AD001B89A0 /* Endpoint+search.swift */ = {isa = PBXFileReference; lastKnownFileType = sourcecode.swift; path = "Endpoint+search.swift"; sourceTree = "<group>"; };
		8C43CB4924A668D0001B89A0 /* Endpoint+url.swift */ = {isa = PBXFileReference; lastKnownFileType = sourcecode.swift; path = "Endpoint+url.swift"; sourceTree = "<group>"; };
		8C43CB4B24A66944001B89A0 /* Network.swift */ = {isa = PBXFileReference; lastKnownFileType = sourcecode.swift; path = Network.swift; sourceTree = "<group>"; };
		8C4E90772633741B00D201C1 /* SongLinkrActionWithView.appex */ = {isa = PBXFileReference; explicitFileType = "wrapper.app-extension"; includeInIndex = 0; path = SongLinkrActionWithView.appex; sourceTree = BUILT_PRODUCTS_DIR; };
		8C4E90792633741B00D201C1 /* Media.xcassets */ = {isa = PBXFileReference; lastKnownFileType = folder.assetcatalog; path = Media.xcassets; sourceTree = "<group>"; };
		8C4E907B2633741B00D201C1 /* ActionViewController.swift */ = {isa = PBXFileReference; lastKnownFileType = sourcecode.swift; path = ActionViewController.swift; sourceTree = "<group>"; };
		8C4E907E2633741B00D201C1 /* Base */ = {isa = PBXFileReference; lastKnownFileType = file.storyboard; name = Base; path = Base.lproj/MainInterface.storyboard; sourceTree = "<group>"; };
		8C4E90802633741B00D201C1 /* Info.plist */ = {isa = PBXFileReference; lastKnownFileType = text.plist.xml; path = Info.plist; sourceTree = "<group>"; };
		8C51E3E024B36B0600BD8D3D /* GetLinkButton.swift */ = {isa = PBXFileReference; lastKnownFileType = sourcecode.swift; path = GetLinkButton.swift; sourceTree = "<group>"; };
		8C51E3E624B36FE700BD8D3D /* PlatformLinkButtonView.swift */ = {isa = PBXFileReference; lastKnownFileType = sourcecode.swift; path = PlatformLinkButtonView.swift; sourceTree = "<group>"; };
		8C52E1CB263C2356004BFFB8 /* de */ = {isa = PBXFileReference; lastKnownFileType = text.plist.strings; name = de; path = de.lproj/MainInterface.strings; sourceTree = "<group>"; };
		8C52E1D7263C2688004BFFB8 /* en */ = {isa = PBXFileReference; lastKnownFileType = text.plist.strings; name = en; path = en.lproj/Localizable.strings; sourceTree = "<group>"; };
		8C52E1DD263C268C004BFFB8 /* de */ = {isa = PBXFileReference; lastKnownFileType = text.plist.strings; name = de; path = de.lproj/Localizable.strings; sourceTree = "<group>"; };
		8C55B3DC24C0FCEB00B6E6E3 /* BadResponseModelTests.swift */ = {isa = PBXFileReference; lastKnownFileType = sourcecode.swift; path = BadResponseModelTests.swift; sourceTree = "<group>"; };
		8C55B40324C102E200B6E6E3 /* EndpointModelTests.swift */ = {isa = PBXFileReference; lastKnownFileType = sourcecode.swift; path = EndpointModelTests.swift; sourceTree = "<group>"; };
		8C561BEE24B1234900EB9833 /* NetworkTests.swift */ = {isa = PBXFileReference; lastKnownFileType = sourcecode.swift; path = NetworkTests.swift; sourceTree = "<group>"; };
		8C6277CF24B39E2C00D4F9F6 /* Platform+displayName.swift */ = {isa = PBXFileReference; lastKnownFileType = sourcecode.swift; path = "Platform+displayName.swift"; sourceTree = "<group>"; };
		8C6277D224B39E5500D4F9F6 /* Platform+iconName.swift */ = {isa = PBXFileReference; lastKnownFileType = sourcecode.swift; path = "Platform+iconName.swift"; sourceTree = "<group>"; };
		8C6BE3CD24C3971D004FBDD4 /* SongLinkCreditView.swift */ = {isa = PBXFileReference; lastKnownFileType = sourcecode.swift; path = SongLinkCreditView.swift; sourceTree = "<group>"; };
		8C6BE3D024C3B511004FBDD4 /* MainTabView.swift */ = {isa = PBXFileReference; lastKnownFileType = sourcecode.swift; path = MainTabView.swift; sourceTree = "<group>"; };
		8C6BE3D224C3B5FD004FBDD4 /* SettingsView.swift */ = {isa = PBXFileReference; lastKnownFileType = sourcecode.swift; path = SettingsView.swift; sourceTree = "<group>"; };
		8C6BE3D424C3B9DD004FBDD4 /* UserSettings.swift */ = {isa = PBXFileReference; lastKnownFileType = sourcecode.swift; path = UserSettings.swift; sourceTree = "<group>"; };
		8C81830824A908070047193B /* GetLinkButtonStyle.swift */ = {isa = PBXFileReference; lastKnownFileType = sourcecode.swift; path = GetLinkButtonStyle.swift; sourceTree = "<group>"; };
		8C81830F24A9408C0047193B /* MainTextView.swift */ = {isa = PBXFileReference; lastKnownFileType = sourcecode.swift; path = MainTextView.swift; sourceTree = "<group>"; };
		8C81831124A945F30047193B /* ResultsView.swift */ = {isa = PBXFileReference; lastKnownFileType = sourcecode.swift; path = ResultsView.swift; sourceTree = "<group>"; };
		8C9F7D5824C1909400D1E698 /* URL+ExpressibleByStringLiteral.swift */ = {isa = PBXFileReference; lastKnownFileType = sourcecode.swift; path = "URL+ExpressibleByStringLiteral.swift"; sourceTree = "<group>"; };
		8C9F7D5B24C1912000D1E698 /* Optional+Require.swift */ = {isa = PBXFileReference; lastKnownFileType = sourcecode.swift; path = "Optional+Require.swift"; sourceTree = "<group>"; };
		8C9F7D5E24C1925F00D1E698 /* SongLinkAPIResponseTests.swift */ = {isa = PBXFileReference; lastKnownFileType = sourcecode.swift; path = SongLinkAPIResponseTests.swift; sourceTree = "<group>"; };
		8CA1F3E024C0807900E6B853 /* ActivityView.swift */ = {isa = PBXFileReference; lastKnownFileType = sourcecode.swift; path = ActivityView.swift; sourceTree = "<group>"; };
		8CA41EBB24B245CD006C8ADB /* PlatformLinks.swift */ = {isa = PBXFileReference; lastKnownFileType = sourcecode.swift; path = PlatformLinks.swift; sourceTree = "<group>"; };
		8CA41EBD24B25257006C8ADB /* GetLinkButtonView.swift */ = {isa = PBXFileReference; lastKnownFileType = sourcecode.swift; path = GetLinkButtonView.swift; sourceTree = "<group>"; };
		8CA41EC024B2783B006C8ADB /* BadResponse.swift */ = {isa = PBXFileReference; lastKnownFileType = sourcecode.swift; path = BadResponse.swift; sourceTree = "<group>"; };
		8CC72A4724C06E2E006672AE /* Binding+Mock.swift */ = {isa = PBXFileReference; fileEncoding = 4; lastKnownFileType = sourcecode.swift; path = "Binding+Mock.swift"; sourceTree = "<group>"; };
		8CC72A4924C06E50006672AE /* StatefulPreviewWrapperView.swift */ = {isa = PBXFileReference; lastKnownFileType = sourcecode.swift; path = StatefulPreviewWrapperView.swift; sourceTree = "<group>"; };
		8CE2109926458572003F5B5B /* es */ = {isa = PBXFileReference; lastKnownFileType = text.plist.strings; name = es; path = es.lproj/MainInterface.strings; sourceTree = "<group>"; };
		8CE2109A26458572003F5B5B /* es */ = {isa = PBXFileReference; lastKnownFileType = text.plist.strings; name = es; path = es.lproj/Localizable.strings; sourceTree = "<group>"; };
		8CE9078D2635F1DB003D710F /* Platform+DisplayRank.swift */ = {isa = PBXFileReference; lastKnownFileType = sourcecode.swift; path = "Platform+DisplayRank.swift"; sourceTree = "<group>"; };
		8CF3CFF024B3A07C004E5179 /* PlatformLinkButtonStyle.swift */ = {isa = PBXFileReference; lastKnownFileType = sourcecode.swift; path = PlatformLinkButtonStyle.swift; sourceTree = "<group>"; };
		8CF3CFF624B3B016004E5179 /* ColorManager.swift */ = {isa = PBXFileReference; lastKnownFileType = sourcecode.swift; path = ColorManager.swift; sourceTree = "<group>"; };
/* End PBXFileReference section */

/* Begin PBXFrameworksBuildPhase section */
		8C43CB0524A6658E001B89A0 /* Frameworks */ = {
			isa = PBXFrameworksBuildPhase;
			buildActionMask = 2147483647;
			files = (
			);
			runOnlyForDeploymentPostprocessing = 0;
		};
		8C43CB1624A66593001B89A0 /* Frameworks */ = {
			isa = PBXFrameworksBuildPhase;
			buildActionMask = 2147483647;
			files = (
			);
			runOnlyForDeploymentPostprocessing = 0;
		};
		8C43CB2124A66593001B89A0 /* Frameworks */ = {
			isa = PBXFrameworksBuildPhase;
			buildActionMask = 2147483647;
			files = (
			);
			runOnlyForDeploymentPostprocessing = 0;
		};
		8C4E90742633741B00D201C1 /* Frameworks */ = {
			isa = PBXFrameworksBuildPhase;
			buildActionMask = 2147483647;
			files = (
			);
			runOnlyForDeploymentPostprocessing = 0;
		};
/* End PBXFrameworksBuildPhase section */

/* Begin PBXGroup section */
		8C1C7B6F262C5C6100A14896 /* Redux State */ = {
			isa = PBXGroup;
			children = (
				8C1C7B78262C5D7D00A14896 /* Store.swift */,
				8C314DC8262C6F1F007BC14C /* App.swift */,
			);
			path = "Redux State";
			sourceTree = "<group>";
		};
		8C43CAFF24A6658E001B89A0 = {
			isa = PBXGroup;
			children = (
				8C43CB0A24A6658E001B89A0 /* SongLinkr */,
				8C43CB1C24A66593001B89A0 /* SongLinkrTests */,
				8C43CB2724A66593001B89A0 /* SongLinkrUITests */,
				8C4E90782633741B00D201C1 /* SongLinkrActionWithView */,
				8C43CB0924A6658E001B89A0 /* Products */,
			);
			sourceTree = "<group>";
		};
		8C43CB0924A6658E001B89A0 /* Products */ = {
			isa = PBXGroup;
			children = (
				8C43CB0824A6658E001B89A0 /* SongLinkr.app */,
				8C43CB1924A66593001B89A0 /* SongLinkrTests.xctest */,
				8C43CB2424A66593001B89A0 /* SongLinkrUITests.xctest */,
				8C4E90772633741B00D201C1 /* SongLinkrActionWithView.appex */,
			);
			name = Products;
			sourceTree = "<group>";
		};
		8C43CB0A24A6658E001B89A0 /* SongLinkr */ = {
			isa = PBXGroup;
			children = (
				8C43CB0B24A6658E001B89A0 /* SongLinkrApp.swift */,
				8C81830724A907DB0047193B /* Views */,
				8C81831324A94CD60047193B /* Supporting Views */,
				8C81830A24A911760047193B /* Resources */,
				8C43CB3624A665FD001B89A0 /* Models */,
				8C53433B24C06DD1007BDB89 /* Development Resources */,
				8C52E1D8263C2688004BFFB8 /* Localizable.strings */,
				8C43CB0F24A66593001B89A0 /* Assets.xcassets */,
				8C43CB1424A66593001B89A0 /* Info.plist */,
				8C43CB1124A66593001B89A0 /* Preview Content */,
			);
			path = SongLinkr;
			sourceTree = "<group>";
		};
		8C43CB1124A66593001B89A0 /* Preview Content */ = {
			isa = PBXGroup;
			children = (
				8C43CB1224A66593001B89A0 /* Preview Assets.xcassets */,
			);
			path = "Preview Content";
			sourceTree = "<group>";
		};
		8C43CB1C24A66593001B89A0 /* SongLinkrTests */ = {
			isa = PBXGroup;
			children = (
				8C9F7D5E24C1925F00D1E698 /* SongLinkAPIResponseTests.swift */,
				8C55B40324C102E200B6E6E3 /* EndpointModelTests.swift */,
				8C55B3DC24C0FCEB00B6E6E3 /* BadResponseModelTests.swift */,
				8C561BEE24B1234900EB9833 /* NetworkTests.swift */,
				8C43CB1F24A66593001B89A0 /* Info.plist */,
			);
			path = SongLinkrTests;
			sourceTree = "<group>";
		};
		8C43CB2724A66593001B89A0 /* SongLinkrUITests */ = {
			isa = PBXGroup;
			children = (
				8C43CB2824A66593001B89A0 /* SongLinkrUITests.swift */,
				8C43CB2A24A66593001B89A0 /* Info.plist */,
			);
			path = SongLinkrUITests;
			sourceTree = "<group>";
		};
		8C43CB3624A665FD001B89A0 /* Models */ = {
			isa = PBXGroup;
			children = (
				8C1C7B6F262C5C6100A14896 /* Redux State */,
				8C43CB4B24A66944001B89A0 /* Network.swift */,
				8CA41EBB24B245CD006C8ADB /* PlatformLinks.swift */,
				8CA41EC024B2783B006C8ADB /* BadResponse.swift */,
				8C6BE3D424C3B9DD004FBDD4 /* UserSettings.swift */,
				8C6277D624B39E8F00D4F9F6 /* Endpoint */,
				8C6277D524B39E6600D4F9F6 /* SongLinkAPIResponse */,
			);
			path = Models;
			sourceTree = "<group>";
		};
		8C4E90782633741B00D201C1 /* SongLinkrActionWithView */ = {
			isa = PBXGroup;
			children = (
				8C4E90792633741B00D201C1 /* Media.xcassets */,
				8C4E907B2633741B00D201C1 /* ActionViewController.swift */,
				8C4E907D2633741B00D201C1 /* MainInterface.storyboard */,
				8C4E90802633741B00D201C1 /* Info.plist */,
			);
			path = SongLinkrActionWithView;
			sourceTree = "<group>";
		};
		8C53433B24C06DD1007BDB89 /* Development Resources */ = {
			isa = PBXGroup;
			children = (
				8CC72A4724C06E2E006672AE /* Binding+Mock.swift */,
				8CC72A4924C06E50006672AE /* StatefulPreviewWrapperView.swift */,
			);
			path = "Development Resources";
			sourceTree = "<group>";
		};
		8C6277D524B39E6600D4F9F6 /* SongLinkAPIResponse */ = {
			isa = PBXGroup;
			children = (
				8C43CB3724A66659001B89A0 /* SongLinkAPIResponse.swift */,
				8C43CB3A24A666E2001B89A0 /* SongLinkAPIResponse+MusicType.swift */,
				8C43CB3C24A66702001B89A0 /* SongLinkAPIResponse+APIProvider.swift */,
				8C43CB3E24A66725001B89A0 /* SongLinkAPIResponse+Platform.swift */,
				8C43CB4024A6673D001B89A0 /* SongLinkAPIResponse+Entity.swift */,
				8C43CB4224A66751001B89A0 /* SongLinkAPIResponse+PlatformInfo.swift */,
				8C6277CF24B39E2C00D4F9F6 /* Platform+displayName.swift */,
				8C6277D224B39E5500D4F9F6 /* Platform+iconName.swift */,
				8C3132DA24C4837800A722EB /* Platform+EntityName.swift */,
				8CE9078D2635F1DB003D710F /* Platform+DisplayRank.swift */,
			);
			path = SongLinkAPIResponse;
			sourceTree = "<group>";
		};
		8C6277D624B39E8F00D4F9F6 /* Endpoint */ = {
			isa = PBXGroup;
			children = (
				8C43CB4424A66874001B89A0 /* Endpoint.swift */,
				8C43CB4624A668AD001B89A0 /* Endpoint+search.swift */,
				8C43CB4924A668D0001B89A0 /* Endpoint+url.swift */,
			);
			path = Endpoint;
			sourceTree = "<group>";
		};
		8C81830724A907DB0047193B /* Views */ = {
			isa = PBXGroup;
			children = (
				8C6BE3D024C3B511004FBDD4 /* MainTabView.swift */,
				8C43CB0D24A6658E001B89A0 /* ContentView.swift */,
				8C6BE3D224C3B5FD004FBDD4 /* SettingsView.swift */,
			);
			path = Views;
			sourceTree = "<group>";
		};
		8C81830A24A911760047193B /* Resources */ = {
			isa = PBXGroup;
			children = (
				8C81830824A908070047193B /* GetLinkButtonStyle.swift */,
				8CF3CFF024B3A07C004E5179 /* PlatformLinkButtonStyle.swift */,
				8CF3CFF624B3B016004E5179 /* ColorManager.swift */,
				8CA1F3E024C0807900E6B853 /* ActivityView.swift */,
				8C9F7D5824C1909400D1E698 /* URL+ExpressibleByStringLiteral.swift */,
				8C9F7D5B24C1912000D1E698 /* Optional+Require.swift */,
			);
			path = Resources;
			sourceTree = "<group>";
		};
		8C81831324A94CD60047193B /* Supporting Views */ = {
			isa = PBXGroup;
			children = (
				8C81830F24A9408C0047193B /* MainTextView.swift */,
				8C81831124A945F30047193B /* ResultsView.swift */,
				8C6BE3CD24C3971D004FBDD4 /* SongLinkCreditView.swift */,
				8CA41EBD24B25257006C8ADB /* GetLinkButtonView.swift */,
				8C51E3E024B36B0600BD8D3D /* GetLinkButton.swift */,
				8C51E3E624B36FE700BD8D3D /* PlatformLinkButtonView.swift */,
				8C2D1800265C656800478F0F /* URLEntryField.swift */,
			);
			path = "Supporting Views";
			sourceTree = "<group>";
		};
/* End PBXGroup section */

/* Begin PBXNativeTarget section */
		8C43CB0724A6658E001B89A0 /* SongLinkr */ = {
			isa = PBXNativeTarget;
			buildConfigurationList = 8C43CB2D24A66593001B89A0 /* Build configuration list for PBXNativeTarget "SongLinkr" */;
			buildPhases = (
				8C43CB0424A6658E001B89A0 /* Sources */,
				8C43CB0524A6658E001B89A0 /* Frameworks */,
				8C43CB0624A6658E001B89A0 /* Resources */,
				8CFF204724C21CC900112F67 /* Embed App Extensions */,
				8CE210782642B3DB003F5B5B /* ShellScript */,
			);
			buildRules = (
			);
			dependencies = (
				8C4E90822633741B00D201C1 /* PBXTargetDependency */,
			);
			name = SongLinkr;
			productName = SongLinkr;
			productReference = 8C43CB0824A6658E001B89A0 /* SongLinkr.app */;
			productType = "com.apple.product-type.application";
		};
		8C43CB1824A66593001B89A0 /* SongLinkrTests */ = {
			isa = PBXNativeTarget;
			buildConfigurationList = 8C43CB3024A66593001B89A0 /* Build configuration list for PBXNativeTarget "SongLinkrTests" */;
			buildPhases = (
				8C43CB1524A66593001B89A0 /* Sources */,
				8C43CB1624A66593001B89A0 /* Frameworks */,
				8C43CB1724A66593001B89A0 /* Resources */,
			);
			buildRules = (
			);
			dependencies = (
				8C43CB1B24A66593001B89A0 /* PBXTargetDependency */,
			);
			name = SongLinkrTests;
			productName = SongLinkrTests;
			productReference = 8C43CB1924A66593001B89A0 /* SongLinkrTests.xctest */;
			productType = "com.apple.product-type.bundle.unit-test";
		};
		8C43CB2324A66593001B89A0 /* SongLinkrUITests */ = {
			isa = PBXNativeTarget;
			buildConfigurationList = 8C43CB3324A66593001B89A0 /* Build configuration list for PBXNativeTarget "SongLinkrUITests" */;
			buildPhases = (
				8C43CB2024A66593001B89A0 /* Sources */,
				8C43CB2124A66593001B89A0 /* Frameworks */,
				8C43CB2224A66593001B89A0 /* Resources */,
			);
			buildRules = (
			);
			dependencies = (
				8C43CB2624A66593001B89A0 /* PBXTargetDependency */,
			);
			name = SongLinkrUITests;
			productName = SongLinkrUITests;
			productReference = 8C43CB2424A66593001B89A0 /* SongLinkrUITests.xctest */;
			productType = "com.apple.product-type.bundle.ui-testing";
		};
		8C4E90762633741B00D201C1 /* SongLinkrActionWithView */ = {
			isa = PBXNativeTarget;
			buildConfigurationList = 8C4E90842633741B00D201C1 /* Build configuration list for PBXNativeTarget "SongLinkrActionWithView" */;
			buildPhases = (
				8C4E90732633741B00D201C1 /* Sources */,
				8C4E90742633741B00D201C1 /* Frameworks */,
				8C4E90752633741B00D201C1 /* Resources */,
			);
			buildRules = (
			);
			dependencies = (
			);
			name = SongLinkrActionWithView;
			productName = SongLinkrActionWithView;
			productReference = 8C4E90772633741B00D201C1 /* SongLinkrActionWithView.appex */;
			productType = "com.apple.product-type.app-extension";
		};
/* End PBXNativeTarget section */

/* Begin PBXProject section */
		8C43CB0024A6658E001B89A0 /* Project object */ = {
			isa = PBXProject;
			attributes = {
				LastSwiftUpdateCheck = 1240;
				LastUpgradeCheck = 1200;
				TargetAttributes = {
					8C43CB0724A6658E001B89A0 = {
						CreatedOnToolsVersion = 12.0;
					};
					8C43CB1824A66593001B89A0 = {
						CreatedOnToolsVersion = 12.0;
						TestTargetID = 8C43CB0724A6658E001B89A0;
					};
					8C43CB2324A66593001B89A0 = {
						CreatedOnToolsVersion = 12.0;
						TestTargetID = 8C43CB0724A6658E001B89A0;
					};
					8C4E90762633741B00D201C1 = {
						CreatedOnToolsVersion = 12.4;
					};
				};
			};
			buildConfigurationList = 8C43CB0324A6658E001B89A0 /* Build configuration list for PBXProject "SongLinkr" */;
			compatibilityVersion = "Xcode 9.3";
			developmentRegion = en;
			hasScannedForEncodings = 0;
			knownRegions = (
				en,
				Base,
				de,
				es,
			);
			mainGroup = 8C43CAFF24A6658E001B89A0;
			productRefGroup = 8C43CB0924A6658E001B89A0 /* Products */;
			projectDirPath = "";
			projectRoot = "";
			targets = (
				8C43CB0724A6658E001B89A0 /* SongLinkr */,
				8C43CB1824A66593001B89A0 /* SongLinkrTests */,
				8C43CB2324A66593001B89A0 /* SongLinkrUITests */,
				8C4E90762633741B00D201C1 /* SongLinkrActionWithView */,
			);
		};
/* End PBXProject section */

/* Begin PBXResourcesBuildPhase section */
		8C43CB0624A6658E001B89A0 /* Resources */ = {
			isa = PBXResourcesBuildPhase;
			buildActionMask = 2147483647;
			files = (
				8C43CB1324A66593001B89A0 /* Preview Assets.xcassets in Resources */,
				8C52E1D6263C2688004BFFB8 /* Localizable.strings in Resources */,
				8C43CB1024A66593001B89A0 /* Assets.xcassets in Resources */,
			);
			runOnlyForDeploymentPostprocessing = 0;
		};
		8C43CB1724A66593001B89A0 /* Resources */ = {
			isa = PBXResourcesBuildPhase;
			buildActionMask = 2147483647;
			files = (
			);
			runOnlyForDeploymentPostprocessing = 0;
		};
		8C43CB2224A66593001B89A0 /* Resources */ = {
			isa = PBXResourcesBuildPhase;
			buildActionMask = 2147483647;
			files = (
			);
			runOnlyForDeploymentPostprocessing = 0;
		};
		8C4E90752633741B00D201C1 /* Resources */ = {
			isa = PBXResourcesBuildPhase;
			buildActionMask = 2147483647;
			files = (
				8C4E907A2633741B00D201C1 /* Media.xcassets in Resources */,
				8C4E907F2633741B00D201C1 /* MainInterface.storyboard in Resources */,
			);
			runOnlyForDeploymentPostprocessing = 0;
		};
/* End PBXResourcesBuildPhase section */

/* Begin PBXShellScriptBuildPhase section */
		8CE210782642B3DB003F5B5B /* ShellScript */ = {
			isa = PBXShellScriptBuildPhase;
			buildActionMask = 2147483647;
			files = (
			);
			inputFileListPaths = (
			);
			inputPaths = (
			);
			outputFileListPaths = (
			);
			outputPaths = (
			);
			runOnlyForDeploymentPostprocessing = 0;
			shellPath = /bin/sh;
			shellScript = "if [ $ENABLE_PREVIEWS == \"NO\" ]\nthen\n    buildNumber=$(/usr/libexec/PlistBuddy -c \"Print CFBundleVersion\" \"${PROJECT_DIR}/${INFOPLIST_FILE}\")\n    buildNumber=$(($buildNumber + 1))\n    /usr/libexec/PlistBuddy -c \"Set :CFBundleVersion $buildNumber\" \"${PROJECT_DIR}/${INFOPLIST_FILE}\"\n    /usr/libexec/PlistBuddy -c \"Set :CFBundleVersion $buildNumber\" \"SongLinkrActionWithView/Info.plist\"\nelse\n    echo \"Skipping Bump of version\"\n    echo $ENABLE_PREVIEWS\nfi\n\n";
		};
/* End PBXShellScriptBuildPhase section */

/* Begin PBXSourcesBuildPhase section */
		8C43CB0424A6658E001B89A0 /* Sources */ = {
			isa = PBXSourcesBuildPhase;
			buildActionMask = 2147483647;
			files = (
				8C43CB4524A66874001B89A0 /* Endpoint.swift in Sources */,
				8CF3CFF124B3A07C004E5179 /* PlatformLinkButtonStyle.swift in Sources */,
				8C08B57624C3134900DC8235 /* GetLinkButton.swift in Sources */,
				8C314DC9262C6F1F007BC14C /* App.swift in Sources */,
				8C6BE3D124C3B511004FBDD4 /* MainTabView.swift in Sources */,
				8C08B57524C3134300DC8235 /* ContentView.swift in Sources */,
				8C6277D324B39E5500D4F9F6 /* Platform+iconName.swift in Sources */,
				8C9F7D5C24C1912000D1E698 /* Optional+Require.swift in Sources */,
				8C9F7D5924C1909400D1E698 /* URL+ExpressibleByStringLiteral.swift in Sources */,
				8CF3CFF724B3B016004E5179 /* ColorManager.swift in Sources */,
				8C81830924A908070047193B /* GetLinkButtonStyle.swift in Sources */,
				8C6BE3D524C3B9DD004FBDD4 /* UserSettings.swift in Sources */,
				8C43CB4C24A66944001B89A0 /* Network.swift in Sources */,
				8C08B57424C3133B00DC8235 /* SongLinkrApp.swift in Sources */,
				8C43CB3824A66659001B89A0 /* SongLinkAPIResponse.swift in Sources */,
				8CA41EC124B2783B006C8ADB /* BadResponse.swift in Sources */,
				8CC72A4A24C06E50006672AE /* StatefulPreviewWrapperView.swift in Sources */,
				8C43CB4124A6673D001B89A0 /* SongLinkAPIResponse+Entity.swift in Sources */,
				8C43CB4324A66751001B89A0 /* SongLinkAPIResponse+PlatformInfo.swift in Sources */,
				8CA1F3E124C0807900E6B853 /* ActivityView.swift in Sources */,
				8CA41EBC24B245CD006C8ADB /* PlatformLinks.swift in Sources */,
				8C43CB3B24A666E2001B89A0 /* SongLinkAPIResponse+MusicType.swift in Sources */,
				8C2D1801265C656800478F0F /* URLEntryField.swift in Sources */,
				8C43CB3F24A66725001B89A0 /* SongLinkAPIResponse+Platform.swift in Sources */,
				8C08B57A24C3134900DC8235 /* GetLinkButtonView.swift in Sources */,
				8CE9078E2635F1DB003D710F /* Platform+DisplayRank.swift in Sources */,
				8C6277D024B39E2C00D4F9F6 /* Platform+displayName.swift in Sources */,
				8CC72A4824C06E2E006672AE /* Binding+Mock.swift in Sources */,
				8C43CB4A24A668D0001B89A0 /* Endpoint+url.swift in Sources */,
				8C6BE3D324C3B5FD004FBDD4 /* SettingsView.swift in Sources */,
				8C6BE3CE24C3971D004FBDD4 /* SongLinkCreditView.swift in Sources */,
				8C43CB4724A668AD001B89A0 /* Endpoint+search.swift in Sources */,
				8C43CB3D24A66702001B89A0 /* SongLinkAPIResponse+APIProvider.swift in Sources */,
				8C1C7B79262C5D7D00A14896 /* Store.swift in Sources */,
				8C08B57924C3134900DC8235 /* ResultsView.swift in Sources */,
				8C3132DB24C4837800A722EB /* Platform+EntityName.swift in Sources */,
				8C08B57824C3134900DC8235 /* MainTextView.swift in Sources */,
				8C08B57724C3134900DC8235 /* PlatformLinkButtonView.swift in Sources */,
			);
			runOnlyForDeploymentPostprocessing = 0;
		};
		8C43CB1524A66593001B89A0 /* Sources */ = {
			isa = PBXSourcesBuildPhase;
			buildActionMask = 2147483647;
			files = (
				8C55B3F724C1008300B6E6E3 /* SongLinkAPIResponse+MusicType.swift in Sources */,
				8C55B40124C1008300B6E6E3 /* SongLinkAPIResponse+Entity.swift in Sources */,
				8C3132DC24C4837D00A722EB /* Platform+EntityName.swift in Sources */,
				8C55B40524C102E200B6E6E3 /* EndpointModelTests.swift in Sources */,
				8C55B3F424C1008300B6E6E3 /* SongLinkAPIResponse+PlatformInfo.swift in Sources */,
				8C55B40224C1008300B6E6E3 /* PlatformLinkButtonStyle.swift in Sources */,
				8C55B3EF24C1008300B6E6E3 /* GetLinkButtonStyle.swift in Sources */,
				8C55B3FB24C1008300B6E6E3 /* Platform+displayName.swift in Sources */,
				8C55B3FA24C1008300B6E6E3 /* SongLinkAPIResponse+Platform.swift in Sources */,
				8C55B3EA24C1008300B6E6E3 /* StatefulPreviewWrapperView.swift in Sources */,
				8C55B3DE24C0FCEB00B6E6E3 /* BadResponseModelTests.swift in Sources */,
				8C55B3FE24C1008300B6E6E3 /* ColorManager.swift in Sources */,
				8C55B3ED24C1008300B6E6E3 /* Platform+iconName.swift in Sources */,
				8C55B3EE24C1008300B6E6E3 /* BadResponse.swift in Sources */,
				8C55B3FF24C1008300B6E6E3 /* ActivityView.swift in Sources */,
				8C55B3F324C1008300B6E6E3 /* Endpoint+search.swift in Sources */,
				8C55B3F124C1008300B6E6E3 /* Endpoint+url.swift in Sources */,
				8C9F7D5F24C1925F00D1E698 /* SongLinkAPIResponseTests.swift in Sources */,
				8C6BE3D624C3B9DE004FBDD4 /* UserSettings.swift in Sources */,
				8C55B3EC24C1008300B6E6E3 /* SongLinkAPIResponse.swift in Sources */,
				8C55B3FC24C1008300B6E6E3 /* Endpoint.swift in Sources */,
				8C55B3E824C1008300B6E6E3 /* Binding+Mock.swift in Sources */,
				8C55B3FD24C1008300B6E6E3 /* PlatformLinks.swift in Sources */,
				8C55B40024C1008300B6E6E3 /* Network.swift in Sources */,
				8C55B3F524C1008300B6E6E3 /* SongLinkAPIResponse+APIProvider.swift in Sources */,
				8C561BEF24B1234900EB9833 /* NetworkTests.swift in Sources */,
				8C9F7D5D24C1912000D1E698 /* Optional+Require.swift in Sources */,
			);
			runOnlyForDeploymentPostprocessing = 0;
		};
		8C43CB2024A66593001B89A0 /* Sources */ = {
			isa = PBXSourcesBuildPhase;
			buildActionMask = 2147483647;
			files = (
				8C43CB2924A66593001B89A0 /* SongLinkrUITests.swift in Sources */,
			);
			runOnlyForDeploymentPostprocessing = 0;
		};
		8C4E90732633741B00D201C1 /* Sources */ = {
			isa = PBXSourcesBuildPhase;
			buildActionMask = 2147483647;
			files = (
				8C4E907C2633741B00D201C1 /* ActionViewController.swift in Sources */,
			);
			runOnlyForDeploymentPostprocessing = 0;
		};
/* End PBXSourcesBuildPhase section */

/* Begin PBXTargetDependency section */
		8C43CB1B24A66593001B89A0 /* PBXTargetDependency */ = {
			isa = PBXTargetDependency;
			target = 8C43CB0724A6658E001B89A0 /* SongLinkr */;
			targetProxy = 8C43CB1A24A66593001B89A0 /* PBXContainerItemProxy */;
		};
		8C43CB2624A66593001B89A0 /* PBXTargetDependency */ = {
			isa = PBXTargetDependency;
			target = 8C43CB0724A6658E001B89A0 /* SongLinkr */;
			targetProxy = 8C43CB2524A66593001B89A0 /* PBXContainerItemProxy */;
		};
		8C4E90822633741B00D201C1 /* PBXTargetDependency */ = {
			isa = PBXTargetDependency;
			target = 8C4E90762633741B00D201C1 /* SongLinkrActionWithView */;
			targetProxy = 8C4E90812633741B00D201C1 /* PBXContainerItemProxy */;
		};
/* End PBXTargetDependency section */

/* Begin PBXVariantGroup section */
		8C4E907D2633741B00D201C1 /* MainInterface.storyboard */ = {
			isa = PBXVariantGroup;
			children = (
				8C4E907E2633741B00D201C1 /* Base */,
				8C52E1CB263C2356004BFFB8 /* de */,
				8CE2109926458572003F5B5B /* es */,
			);
			name = MainInterface.storyboard;
			sourceTree = "<group>";
		};
		8C52E1D8263C2688004BFFB8 /* Localizable.strings */ = {
			isa = PBXVariantGroup;
			children = (
				8C52E1D7263C2688004BFFB8 /* en */,
				8C52E1DD263C268C004BFFB8 /* de */,
				8CE2109A26458572003F5B5B /* es */,
			);
			name = Localizable.strings;
			sourceTree = "<group>";
		};
/* End PBXVariantGroup section */

/* Begin XCBuildConfiguration section */
		8C43CB2B24A66593001B89A0 /* Debug */ = {
			isa = XCBuildConfiguration;
			buildSettings = {
				ALWAYS_SEARCH_USER_PATHS = NO;
				APP_BUILD = 1;
				APP_VERSION = 1.1.2;
				CLANG_ANALYZER_LOCALIZABILITY_NONLOCALIZED = YES;
				CLANG_ANALYZER_NONNULL = YES;
				CLANG_ANALYZER_NUMBER_OBJECT_CONVERSION = YES_AGGRESSIVE;
				CLANG_CXX_LANGUAGE_STANDARD = "gnu++14";
				CLANG_CXX_LIBRARY = "libc++";
				CLANG_ENABLE_MODULES = YES;
				CLANG_ENABLE_OBJC_ARC = YES;
				CLANG_ENABLE_OBJC_WEAK = YES;
				CLANG_WARN_BLOCK_CAPTURE_AUTORELEASING = YES;
				CLANG_WARN_BOOL_CONVERSION = YES;
				CLANG_WARN_COMMA = YES;
				CLANG_WARN_CONSTANT_CONVERSION = YES;
				CLANG_WARN_DEPRECATED_OBJC_IMPLEMENTATIONS = YES;
				CLANG_WARN_DIRECT_OBJC_ISA_USAGE = YES_ERROR;
				CLANG_WARN_DOCUMENTATION_COMMENTS = YES;
				CLANG_WARN_EMPTY_BODY = YES;
				CLANG_WARN_ENUM_CONVERSION = YES;
				CLANG_WARN_INFINITE_RECURSION = YES;
				CLANG_WARN_INT_CONVERSION = YES;
				CLANG_WARN_NON_LITERAL_NULL_CONVERSION = YES;
				CLANG_WARN_OBJC_IMPLICIT_RETAIN_SELF = YES;
				CLANG_WARN_OBJC_LITERAL_CONVERSION = YES;
				CLANG_WARN_OBJC_ROOT_CLASS = YES_ERROR;
				CLANG_WARN_QUOTED_INCLUDE_IN_FRAMEWORK_HEADER = YES;
				CLANG_WARN_RANGE_LOOP_ANALYSIS = YES;
				CLANG_WARN_STRICT_PROTOTYPES = YES;
				CLANG_WARN_SUSPICIOUS_MOVE = YES;
				CLANG_WARN_UNGUARDED_AVAILABILITY = YES_AGGRESSIVE;
				CLANG_WARN_UNREACHABLE_CODE = YES;
				CLANG_WARN__DUPLICATE_METHOD_MATCH = YES;
				COPY_PHASE_STRIP = NO;
				DEBUG_INFORMATION_FORMAT = dwarf;
				ENABLE_STRICT_OBJC_MSGSEND = YES;
				ENABLE_TESTABILITY = YES;
				GCC_C_LANGUAGE_STANDARD = gnu11;
				GCC_DYNAMIC_NO_PIC = NO;
				GCC_NO_COMMON_BLOCKS = YES;
				GCC_OPTIMIZATION_LEVEL = 0;
				GCC_PREPROCESSOR_DEFINITIONS = (
					"DEBUG=1",
					"$(inherited)",
				);
				GCC_WARN_64_TO_32_BIT_CONVERSION = YES;
				GCC_WARN_ABOUT_RETURN_TYPE = YES_ERROR;
				GCC_WARN_UNDECLARED_SELECTOR = YES;
				GCC_WARN_UNINITIALIZED_AUTOS = YES_AGGRESSIVE;
				GCC_WARN_UNUSED_FUNCTION = YES;
				GCC_WARN_UNUSED_VARIABLE = YES;
				IPHONEOS_DEPLOYMENT_TARGET = 14.0;
				MTL_ENABLE_DEBUG_INFO = INCLUDE_SOURCE;
				MTL_FAST_MATH = YES;
				ONLY_ACTIVE_ARCH = YES;
				SDKROOT = iphoneos;
				SWIFT_ACTIVE_COMPILATION_CONDITIONS = DEBUG;
				SWIFT_OPTIMIZATION_LEVEL = "-Onone";
			};
			name = Debug;
		};
		8C43CB2C24A66593001B89A0 /* Release */ = {
			isa = XCBuildConfiguration;
			buildSettings = {
				ALWAYS_SEARCH_USER_PATHS = NO;
				APP_BUILD = 1;
				APP_VERSION = 1.1.2;
				CLANG_ANALYZER_LOCALIZABILITY_NONLOCALIZED = YES;
				CLANG_ANALYZER_NONNULL = YES;
				CLANG_ANALYZER_NUMBER_OBJECT_CONVERSION = YES_AGGRESSIVE;
				CLANG_CXX_LANGUAGE_STANDARD = "gnu++14";
				CLANG_CXX_LIBRARY = "libc++";
				CLANG_ENABLE_MODULES = YES;
				CLANG_ENABLE_OBJC_ARC = YES;
				CLANG_ENABLE_OBJC_WEAK = YES;
				CLANG_WARN_BLOCK_CAPTURE_AUTORELEASING = YES;
				CLANG_WARN_BOOL_CONVERSION = YES;
				CLANG_WARN_COMMA = YES;
				CLANG_WARN_CONSTANT_CONVERSION = YES;
				CLANG_WARN_DEPRECATED_OBJC_IMPLEMENTATIONS = YES;
				CLANG_WARN_DIRECT_OBJC_ISA_USAGE = YES_ERROR;
				CLANG_WARN_DOCUMENTATION_COMMENTS = YES;
				CLANG_WARN_EMPTY_BODY = YES;
				CLANG_WARN_ENUM_CONVERSION = YES;
				CLANG_WARN_INFINITE_RECURSION = YES;
				CLANG_WARN_INT_CONVERSION = YES;
				CLANG_WARN_NON_LITERAL_NULL_CONVERSION = YES;
				CLANG_WARN_OBJC_IMPLICIT_RETAIN_SELF = YES;
				CLANG_WARN_OBJC_LITERAL_CONVERSION = YES;
				CLANG_WARN_OBJC_ROOT_CLASS = YES_ERROR;
				CLANG_WARN_QUOTED_INCLUDE_IN_FRAMEWORK_HEADER = YES;
				CLANG_WARN_RANGE_LOOP_ANALYSIS = YES;
				CLANG_WARN_STRICT_PROTOTYPES = YES;
				CLANG_WARN_SUSPICIOUS_MOVE = YES;
				CLANG_WARN_UNGUARDED_AVAILABILITY = YES_AGGRESSIVE;
				CLANG_WARN_UNREACHABLE_CODE = YES;
				CLANG_WARN__DUPLICATE_METHOD_MATCH = YES;
				COPY_PHASE_STRIP = NO;
				DEBUG_INFORMATION_FORMAT = "dwarf-with-dsym";
				ENABLE_NS_ASSERTIONS = NO;
				ENABLE_STRICT_OBJC_MSGSEND = YES;
				GCC_C_LANGUAGE_STANDARD = gnu11;
				GCC_NO_COMMON_BLOCKS = YES;
				GCC_WARN_64_TO_32_BIT_CONVERSION = YES;
				GCC_WARN_ABOUT_RETURN_TYPE = YES_ERROR;
				GCC_WARN_UNDECLARED_SELECTOR = YES;
				GCC_WARN_UNINITIALIZED_AUTOS = YES_AGGRESSIVE;
				GCC_WARN_UNUSED_FUNCTION = YES;
				GCC_WARN_UNUSED_VARIABLE = YES;
				IPHONEOS_DEPLOYMENT_TARGET = 14.0;
				MTL_ENABLE_DEBUG_INFO = NO;
				MTL_FAST_MATH = YES;
				SDKROOT = iphoneos;
				SWIFT_COMPILATION_MODE = wholemodule;
				SWIFT_OPTIMIZATION_LEVEL = "-O";
				VALIDATE_PRODUCT = YES;
			};
			name = Release;
		};
		8C43CB2E24A66593001B89A0 /* Debug */ = {
			isa = XCBuildConfiguration;
			buildSettings = {
				ALWAYS_EMBED_SWIFT_STANDARD_LIBRARIES = YES;
				ASSETCATALOG_COMPILER_APPICON_NAME = AppIcon;
				ASSETCATALOG_COMPILER_GLOBAL_ACCENT_COLOR_NAME = AccentColor;
				CODE_SIGN_IDENTITY = "Apple Development";
				CODE_SIGN_STYLE = Automatic;
				CURRENT_PROJECT_VERSION = 2;
				DEVELOPMENT_ASSET_PATHS = "\"SongLinkr/Preview Content\"";
				DEVELOPMENT_TEAM = WQ55A92845;
				ENABLE_PREVIEWS = YES;
				INFOPLIST_FILE = SongLinkr/Info.plist;
				IPHONEOS_DEPLOYMENT_TARGET = 14.0;
				LD_RUNPATH_SEARCH_PATHS = (
					"$(inherited)",
					"@executable_path/Frameworks",
				);
				MARKETING_VERSION = 1.1.1;
				PRODUCT_BUNDLE_IDENTIFIER = xyz.harryday.songlink;
				PRODUCT_NAME = "$(TARGET_NAME)";
				PROVISIONING_PROFILE_SPECIFIER = "";
				SWIFT_VERSION = 5.0;
				TARGETED_DEVICE_FAMILY = 1;
			};
			name = Debug;
		};
		8C43CB2F24A66593001B89A0 /* Release */ = {
			isa = XCBuildConfiguration;
			buildSettings = {
				ALWAYS_EMBED_SWIFT_STANDARD_LIBRARIES = YES;
				ASSETCATALOG_COMPILER_APPICON_NAME = AppIcon;
				ASSETCATALOG_COMPILER_GLOBAL_ACCENT_COLOR_NAME = AccentColor;
				CODE_SIGN_IDENTITY = "Apple Development";
				CODE_SIGN_STYLE = Automatic;
				CURRENT_PROJECT_VERSION = 2;
				DEVELOPMENT_ASSET_PATHS = "\"SongLinkr/Preview Content\"";
				DEVELOPMENT_TEAM = WQ55A92845;
				ENABLE_PREVIEWS = YES;
				INFOPLIST_FILE = SongLinkr/Info.plist;
				IPHONEOS_DEPLOYMENT_TARGET = 14.0;
				LD_RUNPATH_SEARCH_PATHS = (
					"$(inherited)",
					"@executable_path/Frameworks",
				);
				MARKETING_VERSION = 1.1.1;
				PRODUCT_BUNDLE_IDENTIFIER = xyz.harryday.songlink;
				PRODUCT_NAME = "$(TARGET_NAME)";
				PROVISIONING_PROFILE_SPECIFIER = "";
				SWIFT_VERSION = 5.0;
				TARGETED_DEVICE_FAMILY = 1;
			};
			name = Release;
		};
		8C43CB3124A66593001B89A0 /* Debug */ = {
			isa = XCBuildConfiguration;
			buildSettings = {
				ALWAYS_EMBED_SWIFT_STANDARD_LIBRARIES = YES;
				BUNDLE_LOADER = "$(TEST_HOST)";
				CODE_SIGN_STYLE = Automatic;
				DEVELOPMENT_TEAM = WQ55A92845;
				INFOPLIST_FILE = SongLinkrTests/Info.plist;
				IPHONEOS_DEPLOYMENT_TARGET = 14.0;
				LD_RUNPATH_SEARCH_PATHS = (
					"$(inherited)",
					"@executable_path/Frameworks",
					"@loader_path/Frameworks",
				);
				PRODUCT_BUNDLE_IDENTIFIER = xyz.harryday.SongLinkrTests;
				PRODUCT_NAME = "$(TARGET_NAME)";
				SWIFT_VERSION = 5.0;
				TARGETED_DEVICE_FAMILY = "1,2";
				TEST_HOST = "$(BUILT_PRODUCTS_DIR)/SongLinkr.app/SongLinkr";
			};
			name = Debug;
		};
		8C43CB3224A66593001B89A0 /* Release */ = {
			isa = XCBuildConfiguration;
			buildSettings = {
				ALWAYS_EMBED_SWIFT_STANDARD_LIBRARIES = YES;
				BUNDLE_LOADER = "$(TEST_HOST)";
				CODE_SIGN_STYLE = Automatic;
				DEVELOPMENT_TEAM = WQ55A92845;
				INFOPLIST_FILE = SongLinkrTests/Info.plist;
				IPHONEOS_DEPLOYMENT_TARGET = 14.0;
				LD_RUNPATH_SEARCH_PATHS = (
					"$(inherited)",
					"@executable_path/Frameworks",
					"@loader_path/Frameworks",
				);
				PRODUCT_BUNDLE_IDENTIFIER = xyz.harryday.SongLinkrTests;
				PRODUCT_NAME = "$(TARGET_NAME)";
				SWIFT_VERSION = 5.0;
				TARGETED_DEVICE_FAMILY = "1,2";
				TEST_HOST = "$(BUILT_PRODUCTS_DIR)/SongLinkr.app/SongLinkr";
			};
			name = Release;
		};
		8C43CB3424A66593001B89A0 /* Debug */ = {
			isa = XCBuildConfiguration;
			buildSettings = {
				ALWAYS_EMBED_SWIFT_STANDARD_LIBRARIES = YES;
				CODE_SIGN_STYLE = Automatic;
				DEVELOPMENT_TEAM = WQ55A92845;
				INFOPLIST_FILE = SongLinkrUITests/Info.plist;
				LD_RUNPATH_SEARCH_PATHS = (
					"$(inherited)",
					"@executable_path/Frameworks",
					"@loader_path/Frameworks",
				);
				PRODUCT_BUNDLE_IDENTIFIER = xyz.harryday.SongLinkrUITests;
				PRODUCT_NAME = "$(TARGET_NAME)";
				SWIFT_VERSION = 5.0;
				TARGETED_DEVICE_FAMILY = "1,2";
				TEST_TARGET_NAME = SongLinkr;
			};
			name = Debug;
		};
		8C43CB3524A66593001B89A0 /* Release */ = {
			isa = XCBuildConfiguration;
			buildSettings = {
				ALWAYS_EMBED_SWIFT_STANDARD_LIBRARIES = YES;
				CODE_SIGN_STYLE = Automatic;
				DEVELOPMENT_TEAM = WQ55A92845;
				INFOPLIST_FILE = SongLinkrUITests/Info.plist;
				LD_RUNPATH_SEARCH_PATHS = (
					"$(inherited)",
					"@executable_path/Frameworks",
					"@loader_path/Frameworks",
				);
				PRODUCT_BUNDLE_IDENTIFIER = xyz.harryday.SongLinkrUITests;
				PRODUCT_NAME = "$(TARGET_NAME)";
				SWIFT_VERSION = 5.0;
				TARGETED_DEVICE_FAMILY = "1,2";
				TEST_TARGET_NAME = SongLinkr;
			};
			name = Release;
		};
		8C4E90852633741B00D201C1 /* Debug */ = {
			isa = XCBuildConfiguration;
			buildSettings = {
				ASSETCATALOG_COMPILER_APPICON_NAME = "AppIconExtension-iOS";
				CODE_SIGN_IDENTITY = "Apple Development";
				CODE_SIGN_STYLE = Automatic;
				CURRENT_PROJECT_VERSION = 2;
				DEVELOPMENT_TEAM = WQ55A92845;
				INFOPLIST_FILE = SongLinkrActionWithView/Info.plist;
				IPHONEOS_DEPLOYMENT_TARGET = 14.4;
				LD_RUNPATH_SEARCH_PATHS = (
					"$(inherited)",
					"@executable_path/Frameworks",
					"@executable_path/../../Frameworks",
				);
				MARKETING_VERSION = 1.1.1;
				PRODUCT_BUNDLE_IDENTIFIER = xyz.harryday.songlink.SongLinkrActionWithView;
				PRODUCT_NAME = "$(TARGET_NAME)";
				SKIP_INSTALL = YES;
				SWIFT_VERSION = 5.0;
				TARGETED_DEVICE_FAMILY = "1,2";
			};
			name = Debug;
		};
		8C4E90862633741B00D201C1 /* Release */ = {
			isa = XCBuildConfiguration;
			buildSettings = {
				ASSETCATALOG_COMPILER_APPICON_NAME = "AppIconExtension-iOS";
				CODE_SIGN_IDENTITY = "Apple Development";
				CODE_SIGN_STYLE = Automatic;
				CURRENT_PROJECT_VERSION = 2;
				DEVELOPMENT_TEAM = WQ55A92845;
				INFOPLIST_FILE = SongLinkrActionWithView/Info.plist;
				IPHONEOS_DEPLOYMENT_TARGET = 14.4;
				LD_RUNPATH_SEARCH_PATHS = (
					"$(inherited)",
					"@executable_path/Frameworks",
					"@executable_path/../../Frameworks",
				);
				MARKETING_VERSION = 1.1.1;
				PRODUCT_BUNDLE_IDENTIFIER = xyz.harryday.songlink.SongLinkrActionWithView;
				PRODUCT_NAME = "$(TARGET_NAME)";
				SKIP_INSTALL = YES;
				SWIFT_VERSION = 5.0;
				TARGETED_DEVICE_FAMILY = "1,2";
			};
			name = Release;
		};
/* End XCBuildConfiguration section */

/* Begin XCConfigurationList section */
		8C43CB0324A6658E001B89A0 /* Build configuration list for PBXProject "SongLinkr" */ = {
			isa = XCConfigurationList;
			buildConfigurations = (
				8C43CB2B24A66593001B89A0 /* Debug */,
				8C43CB2C24A66593001B89A0 /* Release */,
			);
			defaultConfigurationIsVisible = 0;
			defaultConfigurationName = Release;
		};
		8C43CB2D24A66593001B89A0 /* Build configuration list for PBXNativeTarget "SongLinkr" */ = {
			isa = XCConfigurationList;
			buildConfigurations = (
				8C43CB2E24A66593001B89A0 /* Debug */,
				8C43CB2F24A66593001B89A0 /* Release */,
			);
			defaultConfigurationIsVisible = 0;
			defaultConfigurationName = Release;
		};
		8C43CB3024A66593001B89A0 /* Build configuration list for PBXNativeTarget "SongLinkrTests" */ = {
			isa = XCConfigurationList;
			buildConfigurations = (
				8C43CB3124A66593001B89A0 /* Debug */,
				8C43CB3224A66593001B89A0 /* Release */,
			);
			defaultConfigurationIsVisible = 0;
			defaultConfigurationName = Release;
		};
		8C43CB3324A66593001B89A0 /* Build configuration list for PBXNativeTarget "SongLinkrUITests" */ = {
			isa = XCConfigurationList;
			buildConfigurations = (
				8C43CB3424A66593001B89A0 /* Debug */,
				8C43CB3524A66593001B89A0 /* Release */,
			);
			defaultConfigurationIsVisible = 0;
			defaultConfigurationName = Release;
		};
		8C4E90842633741B00D201C1 /* Build configuration list for PBXNativeTarget "SongLinkrActionWithView" */ = {
			isa = XCConfigurationList;
			buildConfigurations = (
				8C4E90852633741B00D201C1 /* Debug */,
				8C4E90862633741B00D201C1 /* Release */,
			);
			defaultConfigurationIsVisible = 0;
			defaultConfigurationName = Release;
		};
/* End XCConfigurationList section */
	};
	rootObject = 8C43CB0024A6658E001B89A0 /* Project object */;
}
