// !$*UTF8*$!
{
	archiveVersion = 1;
	classes = {
	};
	objectVersion = 70;
	objects = {

/* Begin PBXBuildFile section */
		8C34F3C026723FEF00E05629 /* (null) in Embed Foundation Extensions */ = {isa = PBXBuildFile; settings = {ATTRIBUTES = (RemoveHeadersOnCopy, ); }; };
		8C4E90832633741B00D201C1 /* (null) in Embed Foundation Extensions */ = {isa = PBXBuildFile; settings = {ATTRIBUTES = (RemoveHeadersOnCopy, ); }; };
		8CB11A4A30151F1600C1EDE1 /* SongLinkrShareExtension.appex in Embed Foundation Extensions */ = {isa = PBXBuildFile; fileRef = 8CB11A4030151F1600C1EDE1 /* SongLinkrShareExtension.appex */; settings = {ATTRIBUTES = (RemoveHeadersOnCopy, ); }; };
		8CB11B3D30164F7F00C1EDE1 /* SongLinkrNetworkCore.framework in Frameworks */ = {isa = PBXBuildFile; fileRef = 8CE207E82670206600DAD0F9 /* SongLinkrNetworkCore.framework */; };
		8CC091F6267029A600ED7BED /* SongLinkrNetworkCore.framework in Frameworks */ = {isa = PBXBuildFile; fileRef = 8CE207E82670206600DAD0F9 /* SongLinkrNetworkCore.framework */; };
		8CC091F7267029A600ED7BED /* SongLinkrNetworkCore.framework in Embed Frameworks */ = {isa = PBXBuildFile; fileRef = 8CE207E82670206600DAD0F9 /* SongLinkrNetworkCore.framework */; settings = {ATTRIBUTES = (CodeSignOnCopy, RemoveHeadersOnCopy, ); }; };
/* End PBXBuildFile section */

/* Begin PBXContainerItemProxy section */
		8CB11A4830151F1600C1EDE1 /* PBXContainerItemProxy */ = {
			isa = PBXContainerItemProxy;
			containerPortal = 8C43CB0024A6658E001B89A0 /* Project object */;
			proxyType = 1;
			remoteGlobalIDString = 8CB11A3F30151F1600C1EDE1;
			remoteInfo = SongLinkrShareExtension;
		};
		8CE207E72670206600DAD0F9 /* PBXContainerItemProxy */ = {
			isa = PBXContainerItemProxy;
			containerPortal = 8CE207E22670206600DAD0F9 /* SongLinkrNetworkCore.xcodeproj */;
			proxyType = 2;
			remoteGlobalIDString = 8C6E7F0C26701F6B00B0D05D;
			remoteInfo = SongLinkrNetworkCore;
		};
		8CE207E92670206600DAD0F9 /* PBXContainerItemProxy */ = {
			isa = PBXContainerItemProxy;
			containerPortal = 8CE207E22670206600DAD0F9 /* SongLinkrNetworkCore.xcodeproj */;
			proxyType = 2;
			remoteGlobalIDString = 8C6E7F1526701F6B00B0D05D;
			remoteInfo = SongLinkrNetworkCoreTests;
		};
/* End PBXContainerItemProxy section */

/* Begin PBXCopyFilesBuildPhase section */
		8CC091F8267029A600ED7BED /* Embed Frameworks */ = {
			isa = PBXCopyFilesBuildPhase;
			buildActionMask = 2147483647;
			dstPath = "";
			dstSubfolderSpec = 10;
			files = (
				8CC091F7267029A600ED7BED /* SongLinkrNetworkCore.framework in Embed Frameworks */,
			);
			name = "Embed Frameworks";
			runOnlyForDeploymentPostprocessing = 0;
		};
		8CFF204724C21CC900112F67 /* Embed Foundation Extensions */ = {
			isa = PBXCopyFilesBuildPhase;
			buildActionMask = 2147483647;
			dstPath = "";
			dstSubfolderSpec = 13;
			files = (
				8C34F3C026723FEF00E05629 /* (null) in Embed Foundation Extensions */,
				8C4E90832633741B00D201C1 /* (null) in Embed Foundation Extensions */,
				8CB11A4A30151F1600C1EDE1 /* SongLinkrShareExtension.appex in Embed Foundation Extensions */,
			);
			name = "Embed Foundation Extensions";
			runOnlyForDeploymentPostprocessing = 0;
		};
/* End PBXCopyFilesBuildPhase section */

/* Begin PBXFileReference section */
		8C34F3B826723FEF00E05629 /* Intents.framework */ = {isa = PBXFileReference; lastKnownFileType = wrapper.framework; name = Intents.framework; path = System/Library/Frameworks/Intents.framework; sourceTree = SDKROOT; };
		8C43CB0824A6658E001B89A0 /* SongLinkr.app */ = {isa = PBXFileReference; explicitFileType = wrapper.application; includeInIndex = 0; path = SongLinkr.app; sourceTree = BUILT_PRODUCTS_DIR; };
		8CB11A4030151F1600C1EDE1 /* SongLinkrShareExtension.appex */ = {isa = PBXFileReference; explicitFileType = "wrapper.app-extension"; includeInIndex = 0; path = SongLinkrShareExtension.appex; sourceTree = BUILT_PRODUCTS_DIR; };
		8CE207E22670206600DAD0F9 /* SongLinkrNetworkCore.xcodeproj */ = {isa = PBXFileReference; lastKnownFileType = "wrapper.pb-project"; name = SongLinkrNetworkCore.xcodeproj; path = Frameworks/SongLinkrNetworkCore/SongLinkrNetworkCore.xcodeproj; sourceTree = "<group>"; };
		8CEE5FE32FDB603300242CE0 /* CLAUDE.md */ = {isa = PBXFileReference; lastKnownFileType = net.daringfireball.markdown; path = CLAUDE.md; sourceTree = "<group>"; };
/* End PBXFileReference section */

/* Begin PBXFileSystemSynchronizedBuildFileExceptionSet section */
		8C950EE53064658800611A20 /* PBXFileSystemSynchronizedBuildFileExceptionSet */ = {
			isa = PBXFileSystemSynchronizedBuildFileExceptionSet;
			membershipExceptions = (
				Info.plist,
			);
			target = 8C43CB0724A6658E001B89A0 /* SongLinkr */;
		};
		8C950EE63064658800611A20 /* PBXFileSystemSynchronizedBuildFileExceptionSet */ = {
			isa = PBXFileSystemSynchronizedBuildFileExceptionSet;
			membershipExceptions = (
				Assets.xcassets,
				Icon.icon,
				Localizable.xcstrings,
			);
			target = 8CB11A3F30151F1600C1EDE1 /* SongLinkrShareExtension */;
		};
		8CB11A4D30151F1600C1EDE1 /* PBXFileSystemSynchronizedBuildFileExceptionSet */ = {
			isa = PBXFileSystemSynchronizedBuildFileExceptionSet;
			membershipExceptions = (
				Info.plist,
			);
			target = 8CB11A3F30151F1600C1EDE1 /* SongLinkrShareExtension */;
		};
/* End PBXFileSystemSynchronizedBuildFileExceptionSet section */

/* Begin PBXFileSystemSynchronizedRootGroup section */
		8C950EB83064658700611A20 /* SongLinkr */ = {isa = PBXFileSystemSynchronizedRootGroup; exceptions = (8C950EE53064658800611A20 /* PBXFileSystemSynchronizedBuildFileExceptionSet */, 8C950EE63064658800611A20 /* PBXFileSystemSynchronizedBuildFileExceptionSet */, ); explicitFileTypes = {}; explicitFolders = (); path = SongLinkr; sourceTree = "<group>"; };
		8CA9934B301A854A007B7DFA /* Shared */ = {isa = PBXFileSystemSynchronizedRootGroup; explicitFileTypes = {}; explicitFolders = (); path = Shared; sourceTree = "<group>"; };
		8CB11A4130151F1600C1EDE1 /* SongLinkrShareExtension */ = {isa = PBXFileSystemSynchronizedRootGroup; exceptions = (8CB11A4D30151F1600C1EDE1 /* PBXFileSystemSynchronizedBuildFileExceptionSet */, ); explicitFileTypes = {}; explicitFolders = (); path = SongLinkrShareExtension; sourceTree = "<group>"; };
/* End PBXFileSystemSynchronizedRootGroup section */

/* Begin PBXFrameworksBuildPhase section */
		8C43CB0524A6658E001B89A0 /* Frameworks */ = {
			isa = PBXFrameworksBuildPhase;
			buildActionMask = 2147483647;
			files = (
				8CC091F6267029A600ED7BED /* SongLinkrNetworkCore.framework in Frameworks */,
			);
			runOnlyForDeploymentPostprocessing = 0;
		};
		8CB11A3D30151F1600C1EDE1 /* Frameworks */ = {
			isa = PBXFrameworksBuildPhase;
			buildActionMask = 2147483647;
			files = (
				8CB11B3D30164F7F00C1EDE1 /* SongLinkrNetworkCore.framework in Frameworks */,
			);
			runOnlyForDeploymentPostprocessing = 0;
		};
/* End PBXFrameworksBuildPhase section */

/* Begin PBXGroup section */
		8C43CAFF24A6658E001B89A0 = {
			isa = PBXGroup;
			children = (
				8CEE5FE32FDB603300242CE0 /* CLAUDE.md */,
				8CE207E22670206600DAD0F9 /* SongLinkrNetworkCore.xcodeproj */,
				8CA9934B301A854A007B7DFA /* Shared */,
				8C950EB83064658700611A20 /* SongLinkr */,
				8CB11A4130151F1600C1EDE1 /* SongLinkrShareExtension */,
				8C43CB0924A6658E001B89A0 /* Products */,
				8CE20824267027A400DAD0F9 /* Frameworks */,
			);
			sourceTree = "<group>";
		};
		8C43CB0924A6658E001B89A0 /* Products */ = {
			isa = PBXGroup;
			children = (
				8C43CB0824A6658E001B89A0 /* SongLinkr.app */,
				8CB11A4030151F1600C1EDE1 /* SongLinkrShareExtension.appex */,
			);
			name = Products;
			sourceTree = "<group>";
		};
		8CE207E32670206600DAD0F9 /* Products */ = {
			isa = PBXGroup;
			children = (
				8CE207E82670206600DAD0F9 /* SongLinkrNetworkCore.framework */,
				8CE207EA2670206600DAD0F9 /* SongLinkrNetworkCoreTests.xctest */,
			);
			name = Products;
			sourceTree = "<group>";
		};
		8CE20824267027A400DAD0F9 /* Frameworks */ = {
			isa = PBXGroup;
			children = (
				8C34F3B826723FEF00E05629 /* Intents.framework */,
			);
			name = Frameworks;
			sourceTree = "<group>";
		};
/* End PBXGroup section */

/* Begin PBXNativeTarget section */
		8C43CB0724A6658E001B89A0 /* SongLinkr */ = {
			isa = PBXNativeTarget;
			buildConfigurationList = 8C43CB2D24A66593001B89A0 /* Build configuration list for PBXNativeTarget "SongLinkr" */;
			buildPhases = (
				8C43CB0424A6658E001B89A0 /* Sources */,
				8C43CB0524A6658E001B89A0 /* Frameworks */,
				8C43CB0624A6658E001B89A0 /* Resources */,
				8CFF204724C21CC900112F67 /* Embed Foundation Extensions */,
				8CC091F8267029A600ED7BED /* Embed Frameworks */,
			);
			buildRules = (
			);
			dependencies = (
				8CB11A4930151F1600C1EDE1 /* PBXTargetDependency */,
			);
			fileSystemSynchronizedGroups = (
				8C950EB83064658700611A20 /* SongLinkr */,
				8CA9934B301A854A007B7DFA /* Shared */,
			);
			name = SongLinkr;
			productName = SongLinkr;
			productReference = 8C43CB0824A6658E001B89A0 /* SongLinkr.app */;
			productType = "com.apple.product-type.application";
		};
		8CB11A3F30151F1600C1EDE1 /* SongLinkrShareExtension */ = {
			isa = PBXNativeTarget;
			buildConfigurationList = 8CB11A4E30151F1600C1EDE1 /* Build configuration list for PBXNativeTarget "SongLinkrShareExtension" */;
			buildPhases = (
				8CB11A3C30151F1600C1EDE1 /* Sources */,
				8CB11A3D30151F1600C1EDE1 /* Frameworks */,
				8CB11A3E30151F1600C1EDE1 /* Resources */,
			);
			buildRules = (
			);
			dependencies = (
			);
			fileSystemSynchronizedGroups = (
				8CA9934B301A854A007B7DFA /* Shared */,
				8CB11A4130151F1600C1EDE1 /* SongLinkrShareExtension */,
			);
			name = SongLinkrShareExtension;
			packageProductDependencies = (
			);
			productName = SongLinkrShareExtension;
			productReference = 8CB11A4030151F1600C1EDE1 /* SongLinkrShareExtension.appex */;
			productType = "com.apple.product-type.app-extension";
		};
/* End PBXNativeTarget section */

/* Begin PBXProject section */
		8C43CB0024A6658E001B89A0 /* Project object */ = {
			isa = PBXProject;
			attributes = {
				BuildIndependentTargetsInParallel = YES;
				LastSwiftUpdateCheck = 2660;
				LastUpgradeCheck = 2700;
				TargetAttributes = {
					8C43CB0724A6658E001B89A0 = {
						CreatedOnToolsVersion = 12.0;
					};
					8CB11A3F30151F1600C1EDE1 = {
						CreatedOnToolsVersion = 26.6;
					};
				};
			};
			buildConfigurationList = 8C43CB0324A6658E001B89A0 /* Build configuration list for PBXProject "SongLinkr" */;
			compatibilityVersion = "Xcode 9.3";
			developmentRegion = en;
			hasScannedForEncodings = 0;
			knownRegions = (
				en,
				Base,
				de,
				es,
				ja,
			);
			mainGroup = 8C43CAFF24A6658E001B89A0;
			productRefGroup = 8C43CB0924A6658E001B89A0 /* Products */;
			projectDirPath = "";
			projectReferences = (
				{
					ProductGroup = 8CE207E32670206600DAD0F9 /* Products */;
					ProjectRef = 8CE207E22670206600DAD0F9 /* SongLinkrNetworkCore.xcodeproj */;
				},
			);
			projectRoot = "";
			targets = (
				8C43CB0724A6658E001B89A0 /* SongLinkr */,
				8CB11A3F30151F1600C1EDE1 /* SongLinkrShareExtension */,
			);
		};
/* End PBXProject section */

/* Begin PBXReferenceProxy section */
		8CE207E82670206600DAD0F9 /* SongLinkrNetworkCore.framework */ = {
			isa = PBXReferenceProxy;
			fileType = wrapper.framework;
			path = SongLinkrNetworkCore.framework;
			remoteRef = 8CE207E72670206600DAD0F9 /* PBXContainerItemProxy */;
			sourceTree = BUILT_PRODUCTS_DIR;
		};
		8CE207EA2670206600DAD0F9 /* SongLinkrNetworkCoreTests.xctest */ = {
			isa = PBXReferenceProxy;
			fileType = wrapper.cfbundle;
			path = SongLinkrNetworkCoreTests.xctest;
			remoteRef = 8CE207E92670206600DAD0F9 /* PBXContainerItemProxy */;
			sourceTree = BUILT_PRODUCTS_DIR;
		};
/* End PBXReferenceProxy section */

/* Begin PBXResourcesBuildPhase section */
		8C43CB0624A6658E001B89A0 /* Resources */ = {
			isa = PBXResourcesBuildPhase;
			buildActionMask = 2147483647;
			files = (
			);
			runOnlyForDeploymentPostprocessing = 0;
		};
		8CB11A3E30151F1600C1EDE1 /* Resources */ = {
			isa = PBXResourcesBuildPhase;
			buildActionMask = 2147483647;
			files = (
			);
			runOnlyForDeploymentPostprocessing = 0;
		};
/* End PBXResourcesBuildPhase section */

/* Begin PBXSourcesBuildPhase section */
		8C43CB0424A6658E001B89A0 /* Sources */ = {
			isa = PBXSourcesBuildPhase;
			buildActionMask = 2147483647;
			files = (
			);
			runOnlyForDeploymentPostprocessing = 0;
		};
		8CB11A3C30151F1600C1EDE1 /* Sources */ = {
			isa = PBXSourcesBuildPhase;
			buildActionMask = 2147483647;
			files = (
			);
			runOnlyForDeploymentPostprocessing = 0;
		};
/* End PBXSourcesBuildPhase section */

/* Begin PBXTargetDependency section */
		8CB11A4930151F1600C1EDE1 /* PBXTargetDependency */ = {
			isa = PBXTargetDependency;
			target = 8CB11A3F30151F1600C1EDE1 /* SongLinkrShareExtension */;
			targetProxy = 8CB11A4830151F1600C1EDE1 /* PBXContainerItemProxy */;
		};
/* End PBXTargetDependency section */

/* Begin XCBuildConfiguration section */
		8C43CB2B24A66593001B89A0 /* Debug */ = {
			isa = XCBuildConfiguration;
			buildSettings = {
				ALWAYS_SEARCH_USER_PATHS = NO;
				APP_BUILD = 1;
				APP_VERSION = 1.2;
				ASSETCATALOG_COMPILER_GENERATE_SWIFT_ASSET_SYMBOL_EXTENSIONS = YES;
				CLANG_ANALYZER_LOCALIZABILITY_NONLOCALIZED = YES;
				CLANG_ANALYZER_NONNULL = YES;
				CLANG_ANALYZER_NUMBER_OBJECT_CONVERSION = YES_AGGRESSIVE;
				CLANG_CXX_LANGUAGE_STANDARD = "gnu++14";
				CLANG_CXX_LIBRARY = "libc++";
				CLANG_ENABLE_MODULES = YES;
				CLANG_ENABLE_OBJC_ARC = YES;
				CLANG_ENABLE_OBJC_WEAK = YES;
				CLANG_WARN_BLOCK_CAPTURE_AUTORELEASING = YES;
				CLANG_WARN_BOOL_CONVERSION = YES;
				CLANG_WARN_COMMA = YES;
				CLANG_WARN_CONSTANT_CONVERSION = YES;
				CLANG_WARN_DEPRECATED_OBJC_IMPLEMENTATIONS = YES;
				CLANG_WARN_DIRECT_OBJC_ISA_USAGE = YES_ERROR;
				CLANG_WARN_DOCUMENTATION_COMMENTS = YES;
				CLANG_WARN_EMPTY_BODY = YES;
				CLANG_WARN_ENUM_CONVERSION = YES;
				CLANG_WARN_INFINITE_RECURSION = YES;
				CLANG_WARN_INT_CONVERSION = YES;
				CLANG_WARN_NON_LITERAL_NULL_CONVERSION = YES;
				CLANG_WARN_OBJC_IMPLICIT_RETAIN_SELF = YES;
				CLANG_WARN_OBJC_LITERAL_CONVERSION = YES;
				CLANG_WARN_OBJC_ROOT_CLASS = YES_ERROR;
				CLANG_WARN_QUOTED_INCLUDE_IN_FRAMEWORK_HEADER = YES;
				CLANG_WARN_RANGE_LOOP_ANALYSIS = YES;
				CLANG_WARN_STRICT_PROTOTYPES = YES;
				CLANG_WARN_SUSPICIOUS_MOVE = YES;
				CLANG_WARN_UNGUARDED_AVAILABILITY = YES_AGGRESSIVE;
				CLANG_WARN_UNREACHABLE_CODE = YES;
				CLANG_WARN__DUPLICATE_METHOD_MATCH = YES;
				COPY_PHASE_STRIP = NO;
				DEBUG_INFORMATION_FORMAT = dwarf;
				DEVELOPMENT_TEAM = WQ55A92845;
				ENABLE_STRICT_OBJC_MSGSEND = YES;
				ENABLE_TESTABILITY = YES;
				ENABLE_USER_SCRIPT_SANDBOXING = YES;
				GCC_C_LANGUAGE_STANDARD = gnu11;
				GCC_DYNAMIC_NO_PIC = NO;
				GCC_NO_COMMON_BLOCKS = YES;
				GCC_OPTIMIZATION_LEVEL = 0;
				GCC_PREPROCESSOR_DEFINITIONS = (
					"DEBUG=1",
					"$(inherited)",
				);
				GCC_WARN_64_TO_32_BIT_CONVERSION = YES;
				GCC_WARN_ABOUT_RETURN_TYPE = YES_ERROR;
				GCC_WARN_UNDECLARED_SELECTOR = YES;
				GCC_WARN_UNINITIALIZED_AUTOS = YES_AGGRESSIVE;
				GCC_WARN_UNUSED_FUNCTION = YES;
				GCC_WARN_UNUSED_VARIABLE = YES;
				IPHONEOS_DEPLOYMENT_TARGET = 27.0;
				LOCALIZATION_PREFERS_STRING_CATALOGS = YES;
				MTL_ENABLE_DEBUG_INFO = INCLUDE_SOURCE;
				MTL_FAST_MATH = YES;
				ONLY_ACTIVE_ARCH = YES;
				SDKROOT = iphoneos;
				STRING_CATALOG_GENERATE_SYMBOLS = YES;
				SWIFT_ACTIVE_COMPILATION_CONDITIONS = DEBUG;
				SWIFT_DEFAULT_ACTOR_ISOLATION = MainActor;
				SWIFT_EMIT_LOC_STRINGS = YES;
				SWIFT_OPTIMIZATION_LEVEL = "-Onone";
				SWIFT_VERSION = 6.0;
				VERSIONING_SYSTEM = "apple-generic";
			};
			name = Debug;
		};
		8C43CB2C24A66593001B89A0 /* Release */ = {
			isa = XCBuildConfiguration;
			buildSettings = {
				ALWAYS_SEARCH_USER_PATHS = NO;
				APP_BUILD = 1;
				APP_VERSION = 1.2;
				ASSETCATALOG_COMPILER_GENERATE_SWIFT_ASSET_SYMBOL_EXTENSIONS = YES;
				CLANG_ANALYZER_LOCALIZABILITY_NONLOCALIZED = YES;
				CLANG_ANALYZER_NONNULL = YES;
				CLANG_ANALYZER_NUMBER_OBJECT_CONVERSION = YES_AGGRESSIVE;
				CLANG_CXX_LANGUAGE_STANDARD = "gnu++14";
				CLANG_CXX_LIBRARY = "libc++";
				CLANG_ENABLE_MODULES = YES;
				CLANG_ENABLE_OBJC_ARC = YES;
				CLANG_ENABLE_OBJC_WEAK = YES;
				CLANG_WARN_BLOCK_CAPTURE_AUTORELEASING = YES;
				CLANG_WARN_BOOL_CONVERSION = YES;
				CLANG_WARN_COMMA = YES;
				CLANG_WARN_CONSTANT_CONVERSION = YES;
				CLANG_WARN_DEPRECATED_OBJC_IMPLEMENTATIONS = YES;
				CLANG_WARN_DIRECT_OBJC_ISA_USAGE = YES_ERROR;
				CLANG_WARN_DOCUMENTATION_COMMENTS = YES;
				CLANG_WARN_EMPTY_BODY = YES;
				CLANG_WARN_ENUM_CONVERSION = YES;
				CLANG_WARN_INFINITE_RECURSION = YES;
				CLANG_WARN_INT_CONVERSION = YES;
				CLANG_WARN_NON_LITERAL_NULL_CONVERSION = YES;
				CLANG_WARN_OBJC_IMPLICIT_RETAIN_SELF = YES;
				CLANG_WARN_OBJC_LITERAL_CONVERSION = YES;
				CLANG_WARN_OBJC_ROOT_CLASS = YES_ERROR;
				CLANG_WARN_QUOTED_INCLUDE_IN_FRAMEWORK_HEADER = YES;
				CLANG_WARN_RANGE_LOOP_ANALYSIS = YES;
				CLANG_WARN_STRICT_PROTOTYPES = YES;
				CLANG_WARN_SUSPICIOUS_MOVE = YES;
				CLANG_WARN_UNGUARDED_AVAILABILITY = YES_AGGRESSIVE;
				CLANG_WARN_UNREACHABLE_CODE = YES;
				CLANG_WARN__DUPLICATE_METHOD_MATCH = YES;
				COPY_PHASE_STRIP = NO;
				DEBUG_INFORMATION_FORMAT = "dwarf-with-dsym";
				DEVELOPMENT_TEAM = WQ55A92845;
				ENABLE_NS_ASSERTIONS = NO;
				ENABLE_STRICT_OBJC_MSGSEND = YES;
				ENABLE_USER_SCRIPT_SANDBOXING = YES;
				GCC_C_LANGUAGE_STANDARD = gnu11;
				GCC_NO_COMMON_BLOCKS = YES;
				GCC_WARN_64_TO_32_BIT_CONVERSION = YES;
				GCC_WARN_ABOUT_RETURN_TYPE = YES_ERROR;
				GCC_WARN_UNDECLARED_SELECTOR = YES;
				GCC_WARN_UNINITIALIZED_AUTOS = YES_AGGRESSIVE;
				GCC_WARN_UNUSED_FUNCTION = YES;
				GCC_WARN_UNUSED_VARIABLE = YES;
				IPHONEOS_DEPLOYMENT_TARGET = 27.0;
				LOCALIZATION_PREFERS_STRING_CATALOGS = YES;
				MTL_ENABLE_DEBUG_INFO = NO;
				MTL_FAST_MATH = YES;
				SDKROOT = iphoneos;
				STRING_CATALOG_GENERATE_SYMBOLS = YES;
				SWIFT_COMPILATION_MODE = wholemodule;
				SWIFT_DEFAULT_ACTOR_ISOLATION = MainActor;
				SWIFT_EMIT_LOC_STRINGS = YES;
				SWIFT_OPTIMIZATION_LEVEL = "-O";
				SWIFT_VERSION = 6.0;
				VALIDATE_PRODUCT = YES;
				VERSIONING_SYSTEM = "apple-generic";
			};
			name = Release;
		};
		8C43CB2E24A66593001B89A0 /* Debug */ = {
			isa = XCBuildConfiguration;
			buildSettings = {
				ASSETCATALOG_COMPILER_APPICON_NAME = Icon;
				ASSETCATALOG_COMPILER_GLOBAL_ACCENT_COLOR_NAME = AccentColor;
				ASSETCATALOG_COMPILER_INCLUDE_ALL_APPICON_ASSETS = YES;
				CODE_SIGN_IDENTITY = "Apple Development";
				CODE_SIGN_STYLE = Automatic;
				CURRENT_PROJECT_VERSION = 240;
				DEVELOPMENT_ASSET_PATHS = "\"SongLinkr/Preview Content\"";
				ENABLE_PREVIEWS = YES;
				INFOPLIST_FILE = SongLinkr/Info.plist;
				INFOPLIST_KEY_CFBundleDisplayName = SongLinkr;
				INFOPLIST_KEY_LSApplicationCategoryType = "public.app-category.utilities";
				IPHONEOS_DEPLOYMENT_TARGET = 27.0;
				LD_RUNPATH_SEARCH_PATHS = (
					"$(inherited)",
					"@executable_path/Frameworks",
				);
				MARKETING_VERSION = 3.0.0;
				PRODUCT_BUNDLE_IDENTIFIER = xyz.harryday.songlink;
				PRODUCT_NAME = "$(TARGET_NAME)";
				PROVISIONING_PROFILE_SPECIFIER = "";
				SWIFT_DEFAULT_ACTOR_ISOLATION = MainActor;
				SWIFT_VERSION = 6.0;
				TARGETED_DEVICE_FAMILY = 1;
				VERSIONING_SYSTEM = "apple-generic";
			};
			name = Debug;
		};
		8C43CB2F24A66593001B89A0 /* Release */ = {
			isa = XCBuildConfiguration;
			buildSettings = {
				ASSETCATALOG_COMPILER_APPICON_NAME = Icon;
				ASSETCATALOG_COMPILER_GLOBAL_ACCENT_COLOR_NAME = AccentColor;
				ASSETCATALOG_COMPILER_INCLUDE_ALL_APPICON_ASSETS = YES;
				CODE_SIGN_IDENTITY = "Apple Development";
				CODE_SIGN_STYLE = Automatic;
				CURRENT_PROJECT_VERSION = 240;
				DEVELOPMENT_ASSET_PATHS = "\"SongLinkr/Preview Content\"";
				ENABLE_PREVIEWS = YES;
				INFOPLIST_FILE = SongLinkr/Info.plist;
				INFOPLIST_KEY_CFBundleDisplayName = SongLinkr;
				INFOPLIST_KEY_LSApplicationCategoryType = "public.app-category.utilities";
				IPHONEOS_DEPLOYMENT_TARGET = 27.0;
				LD_RUNPATH_SEARCH_PATHS = (
					"$(inherited)",
					"@executable_path/Frameworks",
				);
				MARKETING_VERSION = 3.0.0;
				PRODUCT_BUNDLE_IDENTIFIER = xyz.harryday.songlink;
				PRODUCT_NAME = "$(TARGET_NAME)";
				PROVISIONING_PROFILE_SPECIFIER = "";
				SWIFT_DEFAULT_ACTOR_ISOLATION = MainActor;
				SWIFT_VERSION = 6.0;
				TARGETED_DEVICE_FAMILY = 1;
				VERSIONING_SYSTEM = "apple-generic";
			};
			name = Release;
		};
		8CB11A4B30151F1600C1EDE1 /* Debug */ = {
			isa = XCBuildConfiguration;
			buildSettings = {
				ASSETCATALOG_COMPILER_GLOBAL_ACCENT_COLOR_NAME = AccentColor;
				CLANG_CXX_LANGUAGE_STANDARD = "gnu++20";
				CODE_SIGN_IDENTITY = "Apple Development";
				CODE_SIGN_STYLE = Automatic;
				CURRENT_PROJECT_VERSION = 240;
				GCC_C_LANGUAGE_STANDARD = gnu17;
				GENERATE_INFOPLIST_FILE = YES;
				INFOPLIST_FILE = SongLinkrShareExtension/Info.plist;
				INFOPLIST_KEY_CFBundleDisplayName = SongLinkr;
				INFOPLIST_KEY_NSHumanReadableCopyright = "";
				IPHONEOS_DEPLOYMENT_TARGET = 27.0;
				LD_RUNPATH_SEARCH_PATHS = (
					"$(inherited)",
					"@executable_path/Frameworks",
					"@executable_path/../../Frameworks",
				);
				LOCALIZATION_PREFERS_STRING_CATALOGS = YES;
				MARKETING_VERSION = 3.0.0;
				PRODUCT_BUNDLE_IDENTIFIER = xyz.harryday.songlink.SongLinkrShareExtension;
				PRODUCT_NAME = "$(TARGET_NAME)";
				SKIP_INSTALL = YES;
				STRING_CATALOG_GENERATE_SYMBOLS = YES;
				SWIFT_ACTIVE_COMPILATION_CONDITIONS = "DEBUG $(inherited)";
				SWIFT_APPROACHABLE_CONCURRENCY = YES;
				SWIFT_EMIT_LOC_STRINGS = YES;
				SWIFT_UPCOMING_FEATURE_MEMBER_IMPORT_VISIBILITY = YES;
				SWIFT_VERSION = 6.0;
				TARGETED_DEVICE_FAMILY = "1,2";
			};
			name = Debug;
		};
		8CB11A4C30151F1600C1EDE1 /* Release */ = {
			isa = XCBuildConfiguration;
			buildSettings = {
				ASSETCATALOG_COMPILER_GLOBAL_ACCENT_COLOR_NAME = AccentColor;
				CLANG_CXX_LANGUAGE_STANDARD = "gnu++20";
				CODE_SIGN_IDENTITY = "Apple Development";
				CODE_SIGN_STYLE = Automatic;
				CURRENT_PROJECT_VERSION = 240;
				GCC_C_LANGUAGE_STANDARD = gnu17;
				GENERATE_INFOPLIST_FILE = YES;
				INFOPLIST_FILE = SongLinkrShareExtension/Info.plist;
				INFOPLIST_KEY_CFBundleDisplayName = SongLinkr;
				INFOPLIST_KEY_NSHumanReadableCopyright = "";
				IPHONEOS_DEPLOYMENT_TARGET = 27.0;
				LD_RUNPATH_SEARCH_PATHS = (
					"$(inherited)",
					"@executable_path/Frameworks",
					"@executable_path/../../Frameworks",
				);
				LOCALIZATION_PREFERS_STRING_CATALOGS = YES;
				MARKETING_VERSION = 3.0.0;
				PRODUCT_BUNDLE_IDENTIFIER = xyz.harryday.songlink.SongLinkrShareExtension;
				PRODUCT_NAME = "$(TARGET_NAME)";
				SKIP_INSTALL = YES;
				STRING_CATALOG_GENERATE_SYMBOLS = YES;
				SWIFT_APPROACHABLE_CONCURRENCY = YES;
				SWIFT_EMIT_LOC_STRINGS = YES;
				SWIFT_UPCOMING_FEATURE_MEMBER_IMPORT_VISIBILITY = YES;
				SWIFT_VERSION = 6.0;
				TARGETED_DEVICE_FAMILY = "1,2";
			};
			name = Release;
		};
/* End XCBuildConfiguration section */

/* Begin XCConfigurationList section */
		8C43CB0324A6658E001B89A0 /* Build configuration list for PBXProject "SongLinkr" */ = {
			isa = XCConfigurationList;
			buildConfigurations = (
				8C43CB2B24A66593001B89A0 /* Debug */,
				8C43CB2C24A66593001B89A0 /* Release */,
			);
			defaultConfigurationIsVisible = 0;
			defaultConfigurationName = Release;
		};
		8C43CB2D24A66593001B89A0 /* Build configuration list for PBXNativeTarget "SongLinkr" */ = {
			isa = XCConfigurationList;
			buildConfigurations = (
				8C43CB2E24A66593001B89A0 /* Debug */,
				8C43CB2F24A66593001B89A0 /* Release */,
			);
			defaultConfigurationIsVisible = 0;
			defaultConfigurationName = Release;
		};
		8CB11A4E30151F1600C1EDE1 /* Build configuration list for PBXNativeTarget "SongLinkrShareExtension" */ = {
			isa = XCConfigurationList;
			buildConfigurations = (
				8CB11A4B30151F1600C1EDE1 /* Debug */,
				8CB11A4C30151F1600C1EDE1 /* Release */,
			);
			defaultConfigurationIsVisible = 0;
			defaultConfigurationName = Release;
		};
/* End XCConfigurationList section */
	};
	rootObject = 8C43CB0024A6658E001B89A0 /* Project object */;
}
